// !$*UTF8*$!
{
	archiveVersion = 1;
	classes = {
	};
	objectVersion = 56;
	objects = {

/* Begin PBXBuildFile section */
		670113B929E9A70700D01DE9 /* OneSignal_iOS_SampleApp.swift in Sources */ = {isa = PBXBuildFile; fileRef = 670113B829E9A70700D01DE9 /* OneSignal_iOS_SampleApp.swift */; };
		670113BB29E9A70700D01DE9 /* OSControlBoardView.swift in Sources */ = {isa = PBXBuildFile; fileRef = 670113BA29E9A70700D01DE9 /* OSControlBoardView.swift */; };
		670113BD29E9A70800D01DE9 /* Assets.xcassets in Resources */ = {isa = PBXBuildFile; fileRef = 670113BC29E9A70800D01DE9 /* Assets.xcassets */; };
		670113C029E9A70800D01DE9 /* Preview Assets.xcassets in Resources */ = {isa = PBXBuildFile; fileRef = 670113BF29E9A70800D01DE9 /* Preview Assets.xcassets */; };
		670113CD29E9AA8400D01DE9 /* NotificationService.swift in Sources */ = {isa = PBXBuildFile; fileRef = 670113CC29E9AA8400D01DE9 /* NotificationService.swift */; };
		673A9B662A1C06F9000243D0 /* WidgetKit.framework in Frameworks */ = {isa = PBXBuildFile; fileRef = 67324DF429F5F81700886064 /* WidgetKit.framework */; };
		673A9B672A1C06F9000243D0 /* SwiftUI.framework in Frameworks */ = {isa = PBXBuildFile; fileRef = 67324DF629F5F81700886064 /* SwiftUI.framework */; };
		673A9B6A2A1C06F9000243D0 /* SampleWidgetExtensionBundle.swift in Sources */ = {isa = PBXBuildFile; fileRef = 673A9B692A1C06F9000243D0 /* SampleWidgetExtensionBundle.swift */; };
		673A9B6E2A1C06F9000243D0 /* SampleWidgetExtension.swift in Sources */ = {isa = PBXBuildFile; fileRef = 673A9B6D2A1C06F9000243D0 /* SampleWidgetExtension.swift */; };
		673A9B712A1C06FA000243D0 /* Assets.xcassets in Resources */ = {isa = PBXBuildFile; fileRef = 673A9B702A1C06FA000243D0 /* Assets.xcassets */; };
		673A9B732A1C06FA000243D0 /* SampleWidgetExtension.intentdefinition in Sources */ = {isa = PBXBuildFile; fileRef = 673A9B6F2A1C06F9000243D0 /* SampleWidgetExtension.intentdefinition */; };
		673A9B742A1C06FA000243D0 /* SampleWidgetExtension.intentdefinition in Sources */ = {isa = PBXBuildFile; fileRef = 673A9B6F2A1C06F9000243D0 /* SampleWidgetExtension.intentdefinition */; };
		675089842A2697E600579634 /* SportsScoreLiveActivity.swift in Sources */ = {isa = PBXBuildFile; fileRef = 675089832A2697E600579634 /* SportsScoreLiveActivity.swift */; };
		675089852A26986C00579634 /* SportsScoreLiveActivity.swift in Sources */ = {isa = PBXBuildFile; fileRef = 675089832A2697E600579634 /* SportsScoreLiveActivity.swift */; };
		675CA1C42C1CE00700EA9907 /* OneSignalExtension in Frameworks */ = {isa = PBXBuildFile; productRef = 675CA1C32C1CE00700EA9907 /* OneSignalExtension */; };
		675CA1C62C1CE00700EA9907 /* OneSignalFramework in Frameworks */ = {isa = PBXBuildFile; productRef = 675CA1C52C1CE00700EA9907 /* OneSignalFramework */; };
		675CA1C82C1CE00700EA9907 /* OneSignalInAppMessages in Frameworks */ = {isa = PBXBuildFile; productRef = 675CA1C72C1CE00700EA9907 /* OneSignalInAppMessages */; };
		6779EB1A2B5F5EFE0061F28B /* LiveActivityLiveActivity.swift in Sources */ = {isa = PBXBuildFile; fileRef = 67DA2FD52B5E509900821C94 /* LiveActivityLiveActivity.swift */; };
		679958692A1C0DAC0006091F /* SampleWidgetExtensionExtension.appex in Embed Foundation Extensions */ = {isa = PBXBuildFile; fileRef = 673A9B652A1C06F9000243D0 /* SampleWidgetExtensionExtension.appex */; settings = {ATTRIBUTES = (RemoveHeadersOnCopy, ); }; };
		67DA2FD02B5E509900821C94 /* WidgetKit.framework in Frameworks */ = {isa = PBXBuildFile; fileRef = 67324DF429F5F81700886064 /* WidgetKit.framework */; };
		67DA2FD12B5E509900821C94 /* SwiftUI.framework in Frameworks */ = {isa = PBXBuildFile; fileRef = 67324DF629F5F81700886064 /* SwiftUI.framework */; };
		67DA2FD42B5E509900821C94 /* LiveActivityBundle.swift in Sources */ = {isa = PBXBuildFile; fileRef = 67DA2FD32B5E509900821C94 /* LiveActivityBundle.swift */; };
		67DA2FD62B5E509900821C94 /* LiveActivityLiveActivity.swift in Sources */ = {isa = PBXBuildFile; fileRef = 67DA2FD52B5E509900821C94 /* LiveActivityLiveActivity.swift */; };
		67DA2FDA2B5E509900821C94 /* AppIntent.swift in Sources */ = {isa = PBXBuildFile; fileRef = 67DA2FD92B5E509900821C94 /* AppIntent.swift */; };
		67DA2FDC2B5E509A00821C94 /* Assets.xcassets in Resources */ = {isa = PBXBuildFile; fileRef = 67DA2FDB2B5E509A00821C94 /* Assets.xcassets */; };
		67DA2FE02B5E509A00821C94 /* LiveActivityExtension.appex in Embed Foundation Extensions */ = {isa = PBXBuildFile; fileRef = 67DA2FCF2B5E509900821C94 /* LiveActivityExtension.appex */; settings = {ATTRIBUTES = (RemoveHeadersOnCopy, ); }; };
/* End PBXBuildFile section */

/* Begin PBXContainerItemProxy section */
		679958672A1C0A860006091F /* PBXContainerItemProxy */ = {
			isa = PBXContainerItemProxy;
			containerPortal = 670113AD29E9A70700D01DE9 /* Project object */;
			proxyType = 1;
			remoteGlobalIDString = 673A9B642A1C06F9000243D0;
			remoteInfo = SampleWidgetExtensionExtension;
		};
		6799586A2A1C0DAC0006091F /* PBXContainerItemProxy */ = {
			isa = PBXContainerItemProxy;
			containerPortal = 670113AD29E9A70700D01DE9 /* Project object */;
			proxyType = 1;
			remoteGlobalIDString = 673A9B642A1C06F9000243D0;
			remoteInfo = SampleWidgetExtensionExtension;
		};
		67DA2FDE2B5E509A00821C94 /* PBXContainerItemProxy */ = {
			isa = PBXContainerItemProxy;
			containerPortal = 670113AD29E9A70700D01DE9 /* Project object */;
			proxyType = 1;
			remoteGlobalIDString = 67DA2FCE2B5E509900821C94;
			remoteInfo = LiveActivityExtension;
		};
/* End PBXContainerItemProxy section */

/* Begin PBXCopyFilesBuildPhase section */
		6799586C2A1C0DAC0006091F /* Embed Foundation Extensions */ = {
			isa = PBXCopyFilesBuildPhase;
			buildActionMask = 2147483647;
			dstPath = "";
			dstSubfolderSpec = 13;
			files = (
				679958692A1C0DAC0006091F /* SampleWidgetExtensionExtension.appex in Embed Foundation Extensions */,
				67DA2FE02B5E509A00821C94 /* LiveActivityExtension.appex in Embed Foundation Extensions */,
			);
			name = "Embed Foundation Extensions";
			runOnlyForDeploymentPostprocessing = 0;
		};
/* End PBXCopyFilesBuildPhase section */

/* Begin PBXFileReference section */
		670113B529E9A70700D01DE9 /* OneSignal iOS Sample.app */ = {isa = PBXFileReference; explicitFileType = wrapper.application; includeInIndex = 0; path = "OneSignal iOS Sample.app"; sourceTree = BUILT_PRODUCTS_DIR; };
		670113B829E9A70700D01DE9 /* OneSignal_iOS_SampleApp.swift */ = {isa = PBXFileReference; lastKnownFileType = sourcecode.swift; path = OneSignal_iOS_SampleApp.swift; sourceTree = "<group>"; };
		670113BA29E9A70700D01DE9 /* OSControlBoardView.swift */ = {isa = PBXFileReference; lastKnownFileType = sourcecode.swift; path = OSControlBoardView.swift; sourceTree = "<group>"; };
		670113BC29E9A70800D01DE9 /* Assets.xcassets */ = {isa = PBXFileReference; lastKnownFileType = folder.assetcatalog; path = Assets.xcassets; sourceTree = "<group>"; };
		670113BF29E9A70800D01DE9 /* Preview Assets.xcassets */ = {isa = PBXFileReference; lastKnownFileType = folder.assetcatalog; path = "Preview Assets.xcassets"; sourceTree = "<group>"; };
		670113CA29E9AA8400D01DE9 /* OneSignalNotificationServiceExtension.appex */ = {isa = PBXFileReference; explicitFileType = "wrapper.app-extension"; includeInIndex = 0; path = OneSignalNotificationServiceExtension.appex; sourceTree = BUILT_PRODUCTS_DIR; };
		670113CC29E9AA8400D01DE9 /* NotificationService.swift */ = {isa = PBXFileReference; lastKnownFileType = sourcecode.swift; path = NotificationService.swift; sourceTree = "<group>"; };
		670113CE29E9AA8400D01DE9 /* Info.plist */ = {isa = PBXFileReference; lastKnownFileType = text.plist.xml; path = Info.plist; sourceTree = "<group>"; };
		67324DF429F5F81700886064 /* WidgetKit.framework */ = {isa = PBXFileReference; lastKnownFileType = wrapper.framework; name = WidgetKit.framework; path = System/Library/Frameworks/WidgetKit.framework; sourceTree = SDKROOT; };
		67324DF629F5F81700886064 /* SwiftUI.framework */ = {isa = PBXFileReference; lastKnownFileType = wrapper.framework; name = SwiftUI.framework; path = System/Library/Frameworks/SwiftUI.framework; sourceTree = SDKROOT; };
		673A9B652A1C06F9000243D0 /* SampleWidgetExtensionExtension.appex */ = {isa = PBXFileReference; explicitFileType = "wrapper.app-extension"; includeInIndex = 0; path = SampleWidgetExtensionExtension.appex; sourceTree = BUILT_PRODUCTS_DIR; };
		673A9B692A1C06F9000243D0 /* SampleWidgetExtensionBundle.swift */ = {isa = PBXFileReference; lastKnownFileType = sourcecode.swift; path = SampleWidgetExtensionBundle.swift; sourceTree = "<group>"; };
		673A9B6D2A1C06F9000243D0 /* SampleWidgetExtension.swift */ = {isa = PBXFileReference; lastKnownFileType = sourcecode.swift; path = SampleWidgetExtension.swift; sourceTree = "<group>"; };
		673A9B6F2A1C06F9000243D0 /* SampleWidgetExtension.intentdefinition */ = {isa = PBXFileReference; lastKnownFileType = file.intentdefinition; path = SampleWidgetExtension.intentdefinition; sourceTree = "<group>"; };
		673A9B702A1C06FA000243D0 /* Assets.xcassets */ = {isa = PBXFileReference; lastKnownFileType = folder.assetcatalog; path = Assets.xcassets; sourceTree = "<group>"; };
		673A9B722A1C06FA000243D0 /* Info.plist */ = {isa = PBXFileReference; lastKnownFileType = text.plist.xml; path = Info.plist; sourceTree = "<group>"; };
		675089832A2697E600579634 /* SportsScoreLiveActivity.swift */ = {isa = PBXFileReference; lastKnownFileType = sourcecode.swift; path = SportsScoreLiveActivity.swift; sourceTree = "<group>"; };
		67DA2FCF2B5E509900821C94 /* LiveActivityExtension.appex */ = {isa = PBXFileReference; explicitFileType = "wrapper.app-extension"; includeInIndex = 0; path = LiveActivityExtension.appex; sourceTree = BUILT_PRODUCTS_DIR; };
		67DA2FD32B5E509900821C94 /* LiveActivityBundle.swift */ = {isa = PBXFileReference; lastKnownFileType = sourcecode.swift; path = LiveActivityBundle.swift; sourceTree = "<group>"; };
		67DA2FD52B5E509900821C94 /* LiveActivityLiveActivity.swift */ = {isa = PBXFileReference; lastKnownFileType = sourcecode.swift; path = LiveActivityLiveActivity.swift; sourceTree = "<group>"; };
		67DA2FD92B5E509900821C94 /* AppIntent.swift */ = {isa = PBXFileReference; lastKnownFileType = sourcecode.swift; path = AppIntent.swift; sourceTree = "<group>"; };
		67DA2FDB2B5E509A00821C94 /* Assets.xcassets */ = {isa = PBXFileReference; lastKnownFileType = folder.assetcatalog; path = Assets.xcassets; sourceTree = "<group>"; };
		67DA2FDD2B5E509A00821C94 /* Info.plist */ = {isa = PBXFileReference; lastKnownFileType = text.plist.xml; path = Info.plist; sourceTree = "<group>"; };
		67E3788E29EDD99200320FC3 /* OneSignal iOS Sample.entitlements */ = {isa = PBXFileReference; lastKnownFileType = text.plist.entitlements; path = "OneSignal iOS Sample.entitlements"; sourceTree = "<group>"; };
		67E3788F29EDDB4500320FC3 /* OneSignal-iOS-Sample-Info.plist */ = {isa = PBXFileReference; lastKnownFileType = text.plist; path = "OneSignal-iOS-Sample-Info.plist"; sourceTree = SOURCE_ROOT; };
/* End PBXFileReference section */

/* Begin PBXFrameworksBuildPhase section */
		670113B229E9A70700D01DE9 /* Frameworks */ = {
			isa = PBXFrameworksBuildPhase;
			buildActionMask = 2147483647;
			files = (
				675CA1C82C1CE00700EA9907 /* OneSignalInAppMessages in Frameworks */,
				675CA1C62C1CE00700EA9907 /* OneSignalFramework in Frameworks */,
			);
			runOnlyForDeploymentPostprocessing = 0;
		};
		670113C729E9AA8400D01DE9 /* Frameworks */ = {
			isa = PBXFrameworksBuildPhase;
			buildActionMask = 2147483647;
			files = (
				675CA1C42C1CE00700EA9907 /* OneSignalExtension in Frameworks */,
			);
			runOnlyForDeploymentPostprocessing = 0;
		};
		673A9B622A1C06F9000243D0 /* Frameworks */ = {
			isa = PBXFrameworksBuildPhase;
			buildActionMask = 2147483647;
			files = (
				673A9B672A1C06F9000243D0 /* SwiftUI.framework in Frameworks */,
				673A9B662A1C06F9000243D0 /* WidgetKit.framework in Frameworks */,
			);
			runOnlyForDeploymentPostprocessing = 0;
		};
		67DA2FCC2B5E509900821C94 /* Frameworks */ = {
			isa = PBXFrameworksBuildPhase;
			buildActionMask = 2147483647;
			files = (
				67DA2FD12B5E509900821C94 /* SwiftUI.framework in Frameworks */,
				67DA2FD02B5E509900821C94 /* WidgetKit.framework in Frameworks */,
			);
			runOnlyForDeploymentPostprocessing = 0;
		};
/* End PBXFrameworksBuildPhase section */

/* Begin PBXGroup section */
		670113AC29E9A70700D01DE9 = {
			isa = PBXGroup;
			children = (
				670113B729E9A70700D01DE9 /* OneSignal iOS Sample */,
				670113CB29E9AA8400D01DE9 /* OneSignalNotificationServiceExtension */,
				673A9B682A1C06F9000243D0 /* SampleWidgetExtension */,
				67DA2FD22B5E509900821C94 /* LiveActivity */,
				67324DF329F5F81700886064 /* Frameworks */,
				670113B629E9A70700D01DE9 /* Products */,
			);
			sourceTree = "<group>";
		};
		670113B629E9A70700D01DE9 /* Products */ = {
			isa = PBXGroup;
			children = (
				670113B529E9A70700D01DE9 /* OneSignal iOS Sample.app */,
				670113CA29E9AA8400D01DE9 /* OneSignalNotificationServiceExtension.appex */,
				673A9B652A1C06F9000243D0 /* SampleWidgetExtensionExtension.appex */,
				67DA2FCF2B5E509900821C94 /* LiveActivityExtension.appex */,
			);
			name = Products;
			sourceTree = "<group>";
		};
		670113B729E9A70700D01DE9 /* OneSignal iOS Sample */ = {
			isa = PBXGroup;
			children = (
				67E3788F29EDDB4500320FC3 /* OneSignal-iOS-Sample-Info.plist */,
				67E3788E29EDD99200320FC3 /* OneSignal iOS Sample.entitlements */,
				670113B829E9A70700D01DE9 /* OneSignal_iOS_SampleApp.swift */,
				670113BA29E9A70700D01DE9 /* OSControlBoardView.swift */,
				670113BC29E9A70800D01DE9 /* Assets.xcassets */,
				670113BE29E9A70800D01DE9 /* Preview Content */,
			);
			path = "OneSignal iOS Sample";
			sourceTree = "<group>";
		};
		670113BE29E9A70800D01DE9 /* Preview Content */ = {
			isa = PBXGroup;
			children = (
				670113BF29E9A70800D01DE9 /* Preview Assets.xcassets */,
			);
			path = "Preview Content";
			sourceTree = "<group>";
		};
		670113CB29E9AA8400D01DE9 /* OneSignalNotificationServiceExtension */ = {
			isa = PBXGroup;
			children = (
				670113CC29E9AA8400D01DE9 /* NotificationService.swift */,
				670113CE29E9AA8400D01DE9 /* Info.plist */,
			);
			path = OneSignalNotificationServiceExtension;
			sourceTree = "<group>";
		};
		67324DF329F5F81700886064 /* Frameworks */ = {
			isa = PBXGroup;
			children = (
				67324DF429F5F81700886064 /* WidgetKit.framework */,
				67324DF629F5F81700886064 /* SwiftUI.framework */,
			);
			name = Frameworks;
			sourceTree = "<group>";
		};
		673A9B682A1C06F9000243D0 /* SampleWidgetExtension */ = {
			isa = PBXGroup;
			children = (
				673A9B692A1C06F9000243D0 /* SampleWidgetExtensionBundle.swift */,
				673A9B6D2A1C06F9000243D0 /* SampleWidgetExtension.swift */,
				673A9B6F2A1C06F9000243D0 /* SampleWidgetExtension.intentdefinition */,
				673A9B702A1C06FA000243D0 /* Assets.xcassets */,
				673A9B722A1C06FA000243D0 /* Info.plist */,
				675089832A2697E600579634 /* SportsScoreLiveActivity.swift */,
			);
			path = SampleWidgetExtension;
			sourceTree = "<group>";
		};
		67DA2FD22B5E509900821C94 /* LiveActivity */ = {
			isa = PBXGroup;
			children = (
				67DA2FD32B5E509900821C94 /* LiveActivityBundle.swift */,
				67DA2FD52B5E509900821C94 /* LiveActivityLiveActivity.swift */,
				67DA2FD92B5E509900821C94 /* AppIntent.swift */,
				67DA2FDB2B5E509A00821C94 /* Assets.xcassets */,
				67DA2FDD2B5E509A00821C94 /* Info.plist */,
			);
			path = LiveActivity;
			sourceTree = "<group>";
		};
/* End PBXGroup section */

/* Begin PBXNativeTarget section */
		670113B429E9A70700D01DE9 /* OneSignal iOS Sample */ = {
			isa = PBXNativeTarget;
			buildConfigurationList = 670113C329E9A70800D01DE9 /* Build configuration list for PBXNativeTarget "OneSignal iOS Sample" */;
			buildPhases = (
				670113B129E9A70700D01DE9 /* Sources */,
				670113B229E9A70700D01DE9 /* Frameworks */,
				670113B329E9A70700D01DE9 /* Resources */,
				6799586C2A1C0DAC0006091F /* Embed Foundation Extensions */,
			);
			buildRules = (
			);
			dependencies = (
				679958682A1C0A860006091F /* PBXTargetDependency */,
				6799586B2A1C0DAC0006091F /* PBXTargetDependency */,
				67DA2FDF2B5E509A00821C94 /* PBXTargetDependency */,
			);
			name = "OneSignal iOS Sample";
			packageProductDependencies = (
				675CA1C52C1CE00700EA9907 /* OneSignalFramework */,
				675CA1C72C1CE00700EA9907 /* OneSignalInAppMessages */,
			);
			productName = "OneSignal iOS Sample";
			productReference = 670113B529E9A70700D01DE9 /* OneSignal iOS Sample.app */;
			productType = "com.apple.product-type.application";
		};
		670113C929E9AA8400D01DE9 /* OneSignalNotificationServiceExtension */ = {
			isa = PBXNativeTarget;
			buildConfigurationList = 670113D229E9AA8400D01DE9 /* Build configuration list for PBXNativeTarget "OneSignalNotificationServiceExtension" */;
			buildPhases = (
				670113C629E9AA8400D01DE9 /* Sources */,
				670113C729E9AA8400D01DE9 /* Frameworks */,
				670113C829E9AA8400D01DE9 /* Resources */,
			);
			buildRules = (
			);
			dependencies = (
			);
			name = OneSignalNotificationServiceExtension;
			packageProductDependencies = (
				675CA1C32C1CE00700EA9907 /* OneSignalExtension */,
			);
			productName = OneSignalNotificationServiceExtension;
			productReference = 670113CA29E9AA8400D01DE9 /* OneSignalNotificationServiceExtension.appex */;
			productType = "com.apple.product-type.app-extension";
		};
		673A9B642A1C06F9000243D0 /* SampleWidgetExtensionExtension */ = {
			isa = PBXNativeTarget;
			buildConfigurationList = 673A9B782A1C06FA000243D0 /* Build configuration list for PBXNativeTarget "SampleWidgetExtensionExtension" */;
			buildPhases = (
				673A9B612A1C06F9000243D0 /* Sources */,
				673A9B622A1C06F9000243D0 /* Frameworks */,
				673A9B632A1C06F9000243D0 /* Resources */,
			);
			buildRules = (
			);
			dependencies = (
			);
			name = SampleWidgetExtensionExtension;
			productName = SampleWidgetExtensionExtension;
			productReference = 673A9B652A1C06F9000243D0 /* SampleWidgetExtensionExtension.appex */;
			productType = "com.apple.product-type.app-extension";
		};
		67DA2FCE2B5E509900821C94 /* LiveActivityExtension */ = {
			isa = PBXNativeTarget;
			buildConfigurationList = 67DA2FE12B5E509A00821C94 /* Build configuration list for PBXNativeTarget "LiveActivityExtension" */;
			buildPhases = (
				67DA2FCB2B5E509900821C94 /* Sources */,
				67DA2FCC2B5E509900821C94 /* Frameworks */,
				67DA2FCD2B5E509900821C94 /* Resources */,
			);
			buildRules = (
			);
			dependencies = (
			);
			name = LiveActivityExtension;
			productName = LiveActivityExtension;
			productReference = 67DA2FCF2B5E509900821C94 /* LiveActivityExtension.appex */;
			productType = "com.apple.product-type.app-extension";
		};
/* End PBXNativeTarget section */

/* Begin PBXProject section */
		670113AD29E9A70700D01DE9 /* Project object */ = {
			isa = PBXProject;
			attributes = {
				BuildIndependentTargetsInParallel = 1;
				LastSwiftUpdateCheck = 1520;
				LastUpgradeCheck = 1520;
				TargetAttributes = {
					670113B429E9A70700D01DE9 = {
						CreatedOnToolsVersion = 14.3;
					};
					670113C929E9AA8400D01DE9 = {
						CreatedOnToolsVersion = 14.3;
					};
					673A9B642A1C06F9000243D0 = {
						CreatedOnToolsVersion = 14.3;
					};
					67DA2FCE2B5E509900821C94 = {
						CreatedOnToolsVersion = 15.2;
					};
				};
			};
			buildConfigurationList = 670113B029E9A70700D01DE9 /* Build configuration list for PBXProject "OneSignal iOS Sample" */;
			compatibilityVersion = "Xcode 14.0";
			developmentRegion = en;
			hasScannedForEncodings = 0;
			knownRegions = (
				en,
				Base,
			);
			mainGroup = 670113AC29E9A70700D01DE9;
			packageReferences = (
				675CA1C22C1CE00700EA9907 /* XCRemoteSwiftPackageReference "onesignal-ios-sdk" */,
			);
			productRefGroup = 670113B629E9A70700D01DE9 /* Products */;
			projectDirPath = "";
			projectRoot = "";
			targets = (
				670113B429E9A70700D01DE9 /* OneSignal iOS Sample */,
				670113C929E9AA8400D01DE9 /* OneSignalNotificationServiceExtension */,
				673A9B642A1C06F9000243D0 /* SampleWidgetExtensionExtension */,
				67DA2FCE2B5E509900821C94 /* LiveActivityExtension */,
			);
		};
/* End PBXProject section */

/* Begin PBXResourcesBuildPhase section */
		670113B329E9A70700D01DE9 /* Resources */ = {
			isa = PBXResourcesBuildPhase;
			buildActionMask = 2147483647;
			files = (
				670113C029E9A70800D01DE9 /* Preview Assets.xcassets in Resources */,
				670113BD29E9A70800D01DE9 /* Assets.xcassets in Resources */,
			);
			runOnlyForDeploymentPostprocessing = 0;
		};
		670113C829E9AA8400D01DE9 /* Resources */ = {
			isa = PBXResourcesBuildPhase;
			buildActionMask = 2147483647;
			files = (
			);
			runOnlyForDeploymentPostprocessing = 0;
		};
		673A9B632A1C06F9000243D0 /* Resources */ = {
			isa = PBXResourcesBuildPhase;
			buildActionMask = 2147483647;
			files = (
				673A9B712A1C06FA000243D0 /* Assets.xcassets in Resources */,
			);
			runOnlyForDeploymentPostprocessing = 0;
		};
		67DA2FCD2B5E509900821C94 /* Resources */ = {
			isa = PBXResourcesBuildPhase;
			buildActionMask = 2147483647;
			files = (
				67DA2FDC2B5E509A00821C94 /* Assets.xcassets in Resources */,
			);
			runOnlyForDeploymentPostprocessing = 0;
		};
/* End PBXResourcesBuildPhase section */

/* Begin PBXSourcesBuildPhase section */
		670113B129E9A70700D01DE9 /* Sources */ = {
			isa = PBXSourcesBuildPhase;
			buildActionMask = 2147483647;
			files = (
				670113BB29E9A70700D01DE9 /* OSControlBoardView.swift in Sources */,
				673A9B742A1C06FA000243D0 /* SampleWidgetExtension.intentdefinition in Sources */,
				670113B929E9A70700D01DE9 /* OneSignal_iOS_SampleApp.swift in Sources */,
				6779EB1A2B5F5EFE0061F28B /* LiveActivityLiveActivity.swift in Sources */,
				675089842A2697E600579634 /* SportsScoreLiveActivity.swift in Sources */,
			);
			runOnlyForDeploymentPostprocessing = 0;
		};
		670113C629E9AA8400D01DE9 /* Sources */ = {
			isa = PBXSourcesBuildPhase;
			buildActionMask = 2147483647;
			files = (
				670113CD29E9AA8400D01DE9 /* NotificationService.swift in Sources */,
			);
			runOnlyForDeploymentPostprocessing = 0;
		};
		673A9B612A1C06F9000243D0 /* Sources */ = {
			isa = PBXSourcesBuildPhase;
			buildActionMask = 2147483647;
			files = (
				673A9B6A2A1C06F9000243D0 /* SampleWidgetExtensionBundle.swift in Sources */,
				675089852A26986C00579634 /* SportsScoreLiveActivity.swift in Sources */,
				673A9B732A1C06FA000243D0 /* SampleWidgetExtension.intentdefinition in Sources */,
				673A9B6E2A1C06F9000243D0 /* SampleWidgetExtension.swift in Sources */,
			);
			runOnlyForDeploymentPostprocessing = 0;
		};
		67DA2FCB2B5E509900821C94 /* Sources */ = {
			isa = PBXSourcesBuildPhase;
			buildActionMask = 2147483647;
			files = (
				67DA2FD42B5E509900821C94 /* LiveActivityBundle.swift in Sources */,
				67DA2FDA2B5E509900821C94 /* AppIntent.swift in Sources */,
				67DA2FD62B5E509900821C94 /* LiveActivityLiveActivity.swift in Sources */,
			);
			runOnlyForDeploymentPostprocessing = 0;
		};
/* End PBXSourcesBuildPhase section */

/* Begin PBXTargetDependency section */
		679958682A1C0A860006091F /* PBXTargetDependency */ = {
			isa = PBXTargetDependency;
			target = 673A9B642A1C06F9000243D0 /* SampleWidgetExtensionExtension */;
			targetProxy = 679958672A1C0A860006091F /* PBXContainerItemProxy */;
		};
		6799586B2A1C0DAC0006091F /* PBXTargetDependency */ = {
			isa = PBXTargetDependency;
			target = 673A9B642A1C06F9000243D0 /* SampleWidgetExtensionExtension */;
			targetProxy = 6799586A2A1C0DAC0006091F /* PBXContainerItemProxy */;
		};
		67DA2FDF2B5E509A00821C94 /* PBXTargetDependency */ = {
			isa = PBXTargetDependency;
			target = 67DA2FCE2B5E509900821C94 /* LiveActivityExtension */;
			targetProxy = 67DA2FDE2B5E509A00821C94 /* PBXContainerItemProxy */;
		};
/* End PBXTargetDependency section */

/* Begin XCBuildConfiguration section */
		670113C129E9A70800D01DE9 /* Debug */ = {
			isa = XCBuildConfiguration;
			buildSettings = {
				ALWAYS_SEARCH_USER_PATHS = NO;
				CLANG_ANALYZER_NONNULL = YES;
				CLANG_ANALYZER_NUMBER_OBJECT_CONVERSION = YES_AGGRESSIVE;
				CLANG_CXX_LANGUAGE_STANDARD = "gnu++20";
				CLANG_ENABLE_MODULES = YES;
				CLANG_ENABLE_OBJC_ARC = YES;
				CLANG_ENABLE_OBJC_WEAK = YES;
				CLANG_WARN_BLOCK_CAPTURE_AUTORELEASING = YES;
				CLANG_WARN_BOOL_CONVERSION = YES;
				CLANG_WARN_COMMA = YES;
				CLANG_WARN_CONSTANT_CONVERSION = YES;
				CLANG_WARN_DEPRECATED_OBJC_IMPLEMENTATIONS = YES;
				CLANG_WARN_DIRECT_OBJC_ISA_USAGE = YES_ERROR;
				CLANG_WARN_DOCUMENTATION_COMMENTS = YES;
				CLANG_WARN_EMPTY_BODY = YES;
				CLANG_WARN_ENUM_CONVERSION = YES;
				CLANG_WARN_INFINITE_RECURSION = YES;
				CLANG_WARN_INT_CONVERSION = YES;
				CLANG_WARN_NON_LITERAL_NULL_CONVERSION = YES;
				CLANG_WARN_OBJC_IMPLICIT_RETAIN_SELF = YES;
				CLANG_WARN_OBJC_LITERAL_CONVERSION = YES;
				CLANG_WARN_OBJC_ROOT_CLASS = YES_ERROR;
				CLANG_WARN_QUOTED_INCLUDE_IN_FRAMEWORK_HEADER = YES;
				CLANG_WARN_RANGE_LOOP_ANALYSIS = YES;
				CLANG_WARN_STRICT_PROTOTYPES = YES;
				CLANG_WARN_SUSPICIOUS_MOVE = YES;
				CLANG_WARN_UNGUARDED_AVAILABILITY = YES_AGGRESSIVE;
				CLANG_WARN_UNREACHABLE_CODE = YES;
				CLANG_WARN__DUPLICATE_METHOD_MATCH = YES;
				COPY_PHASE_STRIP = NO;
				DEBUG_INFORMATION_FORMAT = dwarf;
				ENABLE_STRICT_OBJC_MSGSEND = YES;
				ENABLE_TESTABILITY = YES;
				ENABLE_USER_SCRIPT_SANDBOXING = YES;
				GCC_C_LANGUAGE_STANDARD = gnu11;
				GCC_DYNAMIC_NO_PIC = NO;
				GCC_NO_COMMON_BLOCKS = YES;
				GCC_OPTIMIZATION_LEVEL = 0;
				GCC_PREPROCESSOR_DEFINITIONS = (
					"DEBUG=1",
					"$(inherited)",
				);
				GCC_WARN_64_TO_32_BIT_CONVERSION = YES;
				GCC_WARN_ABOUT_RETURN_TYPE = YES_ERROR;
				GCC_WARN_UNDECLARED_SELECTOR = YES;
				GCC_WARN_UNINITIALIZED_AUTOS = YES_AGGRESSIVE;
				GCC_WARN_UNUSED_FUNCTION = YES;
				GCC_WARN_UNUSED_VARIABLE = YES;
				IPHONEOS_DEPLOYMENT_TARGET = 17.2;
				MTL_ENABLE_DEBUG_INFO = INCLUDE_SOURCE;
				MTL_FAST_MATH = YES;
				ONLY_ACTIVE_ARCH = YES;
				SDKROOT = iphoneos;
				SWIFT_ACTIVE_COMPILATION_CONDITIONS = DEBUG;
				SWIFT_OPTIMIZATION_LEVEL = "-Onone";
			};
			name = Debug;
		};
		670113C229E9A70800D01DE9 /* Release */ = {
			isa = XCBuildConfiguration;
			buildSettings = {
				ALWAYS_SEARCH_USER_PATHS = NO;
				CLANG_ANALYZER_NONNULL = YES;
				CLANG_ANALYZER_NUMBER_OBJECT_CONVERSION = YES_AGGRESSIVE;
				CLANG_CXX_LANGUAGE_STANDARD = "gnu++20";
				CLANG_ENABLE_MODULES = YES;
				CLANG_ENABLE_OBJC_ARC = YES;
				CLANG_ENABLE_OBJC_WEAK = YES;
				CLANG_WARN_BLOCK_CAPTURE_AUTORELEASING = YES;
				CLANG_WARN_BOOL_CONVERSION = YES;
				CLANG_WARN_COMMA = YES;
				CLANG_WARN_CONSTANT_CONVERSION = YES;
				CLANG_WARN_DEPRECATED_OBJC_IMPLEMENTATIONS = YES;
				CLANG_WARN_DIRECT_OBJC_ISA_USAGE = YES_ERROR;
				CLANG_WARN_DOCUMENTATION_COMMENTS = YES;
				CLANG_WARN_EMPTY_BODY = YES;
				CLANG_WARN_ENUM_CONVERSION = YES;
				CLANG_WARN_INFINITE_RECURSION = YES;
				CLANG_WARN_INT_CONVERSION = YES;
				CLANG_WARN_NON_LITERAL_NULL_CONVERSION = YES;
				CLANG_WARN_OBJC_IMPLICIT_RETAIN_SELF = YES;
				CLANG_WARN_OBJC_LITERAL_CONVERSION = YES;
				CLANG_WARN_OBJC_ROOT_CLASS = YES_ERROR;
				CLANG_WARN_QUOTED_INCLUDE_IN_FRAMEWORK_HEADER = YES;
				CLANG_WARN_RANGE_LOOP_ANALYSIS = YES;
				CLANG_WARN_STRICT_PROTOTYPES = YES;
				CLANG_WARN_SUSPICIOUS_MOVE = YES;
				CLANG_WARN_UNGUARDED_AVAILABILITY = YES_AGGRESSIVE;
				CLANG_WARN_UNREACHABLE_CODE = YES;
				CLANG_WARN__DUPLICATE_METHOD_MATCH = YES;
				COPY_PHASE_STRIP = NO;
				DEBUG_INFORMATION_FORMAT = "dwarf-with-dsym";
				ENABLE_NS_ASSERTIONS = NO;
				ENABLE_STRICT_OBJC_MSGSEND = YES;
				ENABLE_USER_SCRIPT_SANDBOXING = YES;
				GCC_C_LANGUAGE_STANDARD = gnu11;
				GCC_NO_COMMON_BLOCKS = YES;
				GCC_WARN_64_TO_32_BIT_CONVERSION = YES;
				GCC_WARN_ABOUT_RETURN_TYPE = YES_ERROR;
				GCC_WARN_UNDECLARED_SELECTOR = YES;
				GCC_WARN_UNINITIALIZED_AUTOS = YES_AGGRESSIVE;
				GCC_WARN_UNUSED_FUNCTION = YES;
				GCC_WARN_UNUSED_VARIABLE = YES;
				IPHONEOS_DEPLOYMENT_TARGET = 17.2;
				MTL_ENABLE_DEBUG_INFO = NO;
				MTL_FAST_MATH = YES;
				SDKROOT = iphoneos;
				SWIFT_COMPILATION_MODE = wholemodule;
				SWIFT_OPTIMIZATION_LEVEL = "-O";
				VALIDATE_PRODUCT = YES;
			};
			name = Release;
		};
		670113C429E9A70800D01DE9 /* Debug */ = {
			isa = XCBuildConfiguration;
			buildSettings = {
				ALWAYS_EMBED_SWIFT_STANDARD_LIBRARIES = YES;
				ASSETCATALOG_COMPILER_APPICON_NAME = AppIcon;
				ASSETCATALOG_COMPILER_GLOBAL_ACCENT_COLOR_NAME = AccentColor;
				CODE_SIGN_ENTITLEMENTS = "OneSignal iOS Sample/OneSignal iOS Sample.entitlements";
				CODE_SIGN_STYLE = Automatic;
				CURRENT_PROJECT_VERSION = 1;
				DEVELOPMENT_ASSET_PATHS = "\"OneSignal iOS Sample/Preview Content\"";
				DEVELOPMENT_TEAM = J3J28YJX9L;
				ENABLE_PREVIEWS = YES;
				GENERATE_INFOPLIST_FILE = YES;
				INFOPLIST_FILE = "OneSignal-iOS-Sample-Info.plist";
				INFOPLIST_KEY_UIApplicationSceneManifest_Generation = YES;
				INFOPLIST_KEY_UIApplicationSupportsIndirectInputEvents = YES;
				INFOPLIST_KEY_UILaunchScreen_Generation = YES;
				INFOPLIST_KEY_UISupportedInterfaceOrientations_iPad = "UIInterfaceOrientationPortrait UIInterfaceOrientationPortraitUpsideDown UIInterfaceOrientationLandscapeLeft UIInterfaceOrientationLandscapeRight";
				INFOPLIST_KEY_UISupportedInterfaceOrientations_iPhone = "UIInterfaceOrientationPortrait UIInterfaceOrientationLandscapeLeft UIInterfaceOrientationLandscapeRight";
				LD_RUNPATH_SEARCH_PATHS = (
					"$(inherited)",
					"@executable_path/Frameworks",
				);
				MARKETING_VERSION = 1.0;
				PRODUCT_BUNDLE_IDENTIFIER = "com.onesignal.devrel.ios-sample.OneSignal-iOS-Sample";
				PRODUCT_NAME = "$(TARGET_NAME)";
				SUPPORTED_PLATFORMS = "iphoneos iphonesimulator";
				SUPPORTS_MACCATALYST = NO;
				SUPPORTS_MAC_DESIGNED_FOR_IPHONE_IPAD = NO;
				SWIFT_EMIT_LOC_STRINGS = YES;
				SWIFT_VERSION = 5.0;
				TARGETED_DEVICE_FAMILY = "1,2";
			};
			name = Debug;
		};
		670113C529E9A70800D01DE9 /* Release */ = {
			isa = XCBuildConfiguration;
			buildSettings = {
				ALWAYS_EMBED_SWIFT_STANDARD_LIBRARIES = YES;
				ASSETCATALOG_COMPILER_APPICON_NAME = AppIcon;
				ASSETCATALOG_COMPILER_GLOBAL_ACCENT_COLOR_NAME = AccentColor;
				CODE_SIGN_ENTITLEMENTS = "OneSignal iOS Sample/OneSignal iOS Sample.entitlements";
				CODE_SIGN_STYLE = Automatic;
				CURRENT_PROJECT_VERSION = 1;
				DEVELOPMENT_ASSET_PATHS = "\"OneSignal iOS Sample/Preview Content\"";
				DEVELOPMENT_TEAM = J3J28YJX9L;
				ENABLE_PREVIEWS = YES;
				GENERATE_INFOPLIST_FILE = YES;
				INFOPLIST_FILE = "OneSignal-iOS-Sample-Info.plist";
				INFOPLIST_KEY_UIApplicationSceneManifest_Generation = YES;
				INFOPLIST_KEY_UIApplicationSupportsIndirectInputEvents = YES;
				INFOPLIST_KEY_UILaunchScreen_Generation = YES;
				INFOPLIST_KEY_UISupportedInterfaceOrientations_iPad = "UIInterfaceOrientationPortrait UIInterfaceOrientationPortraitUpsideDown UIInterfaceOrientationLandscapeLeft UIInterfaceOrientationLandscapeRight";
				INFOPLIST_KEY_UISupportedInterfaceOrientations_iPhone = "UIInterfaceOrientationPortrait UIInterfaceOrientationLandscapeLeft UIInterfaceOrientationLandscapeRight";
				LD_RUNPATH_SEARCH_PATHS = (
					"$(inherited)",
					"@executable_path/Frameworks",
				);
				MARKETING_VERSION = 1.0;
				PRODUCT_BUNDLE_IDENTIFIER = "com.onesignal.devrel.ios-sample.OneSignal-iOS-Sample";
				PRODUCT_NAME = "$(TARGET_NAME)";
				SUPPORTED_PLATFORMS = "iphoneos iphonesimulator";
				SUPPORTS_MACCATALYST = NO;
				SUPPORTS_MAC_DESIGNED_FOR_IPHONE_IPAD = NO;
				SWIFT_EMIT_LOC_STRINGS = YES;
				SWIFT_VERSION = 5.0;
				TARGETED_DEVICE_FAMILY = "1,2";
			};
			name = Release;
		};
		670113D329E9AA8400D01DE9 /* Debug */ = {
			isa = XCBuildConfiguration;
			buildSettings = {
				CODE_SIGN_STYLE = Automatic;
				CURRENT_PROJECT_VERSION = 1;
				DEVELOPMENT_TEAM = J3J28YJX9L;
				GENERATE_INFOPLIST_FILE = YES;
				INFOPLIST_FILE = OneSignalNotificationServiceExtension/Info.plist;
				INFOPLIST_KEY_CFBundleDisplayName = OneSignalNotificationServiceExtension;
				INFOPLIST_KEY_NSHumanReadableCopyright = "";
				LD_RUNPATH_SEARCH_PATHS = (
					"$(inherited)",
					"@executable_path/Frameworks",
					"@executable_path/../../Frameworks",
				);
				MARKETING_VERSION = 1.0;
				PRODUCT_BUNDLE_IDENTIFIER = "com.onesignal.devrel.ios-sample.OneSignal-iOS-Sample.OneSignalNotificationServiceExtension";
				PRODUCT_NAME = "$(TARGET_NAME)";
				SKIP_INSTALL = YES;
				SWIFT_EMIT_LOC_STRINGS = YES;
				SWIFT_VERSION = 5.0;
				TARGETED_DEVICE_FAMILY = "1,2";
			};
			name = Debug;
		};
		670113D429E9AA8400D01DE9 /* Release */ = {
			isa = XCBuildConfiguration;
			buildSettings = {
				CODE_SIGN_STYLE = Automatic;
				CURRENT_PROJECT_VERSION = 1;
				DEVELOPMENT_TEAM = J3J28YJX9L;
				GENERATE_INFOPLIST_FILE = YES;
				INFOPLIST_FILE = OneSignalNotificationServiceExtension/Info.plist;
				INFOPLIST_KEY_CFBundleDisplayName = OneSignalNotificationServiceExtension;
				INFOPLIST_KEY_NSHumanReadableCopyright = "";
				LD_RUNPATH_SEARCH_PATHS = (
					"$(inherited)",
					"@executable_path/Frameworks",
					"@executable_path/../../Frameworks",
				);
				MARKETING_VERSION = 1.0;
				PRODUCT_BUNDLE_IDENTIFIER = "com.onesignal.devrel.ios-sample.OneSignal-iOS-Sample.OneSignalNotificationServiceExtension";
				PRODUCT_NAME = "$(TARGET_NAME)";
				SKIP_INSTALL = YES;
				SWIFT_EMIT_LOC_STRINGS = YES;
				SWIFT_VERSION = 5.0;
				TARGETED_DEVICE_FAMILY = "1,2";
			};
			name = Release;
		};
		673A9B792A1C06FA000243D0 /* Debug */ = {
			isa = XCBuildConfiguration;
			buildSettings = {
				ASSETCATALOG_COMPILER_GLOBAL_ACCENT_COLOR_NAME = AccentColor;
				ASSETCATALOG_COMPILER_WIDGET_BACKGROUND_COLOR_NAME = WidgetBackground;
				CODE_SIGN_STYLE = Automatic;
				CURRENT_PROJECT_VERSION = 1;
				DEVELOPMENT_TEAM = J3J28YJX9L;
				GENERATE_INFOPLIST_FILE = YES;
				INFOPLIST_FILE = SampleWidgetExtension/Info.plist;
				INFOPLIST_KEY_CFBundleDisplayName = SampleWidgetExtension;
				INFOPLIST_KEY_NSHumanReadableCopyright = "";
				LD_RUNPATH_SEARCH_PATHS = (
					"$(inherited)",
					"@executable_path/Frameworks",
					"@executable_path/../../Frameworks",
				);
				MARKETING_VERSION = 1.0;
				PRODUCT_BUNDLE_IDENTIFIER = "com.onesignal.devrel.ios-sample.OneSignal-iOS-Sample.SampleWidgetExtension";
				PRODUCT_NAME = "$(TARGET_NAME)";
				SKIP_INSTALL = YES;
				SWIFT_EMIT_LOC_STRINGS = YES;
				SWIFT_VERSION = 5.0;
				TARGETED_DEVICE_FAMILY = "1,2";
			};
			name = Debug;
		};
		673A9B7A2A1C06FA000243D0 /* Release */ = {
			isa = XCBuildConfiguration;
			buildSettings = {
				ASSETCATALOG_COMPILER_GLOBAL_ACCENT_COLOR_NAME = AccentColor;
				ASSETCATALOG_COMPILER_WIDGET_BACKGROUND_COLOR_NAME = WidgetBackground;
				CODE_SIGN_STYLE = Automatic;
				CURRENT_PROJECT_VERSION = 1;
				DEVELOPMENT_TEAM = J3J28YJX9L;
				GENERATE_INFOPLIST_FILE = YES;
				INFOPLIST_FILE = SampleWidgetExtension/Info.plist;
				INFOPLIST_KEY_CFBundleDisplayName = SampleWidgetExtension;
				INFOPLIST_KEY_NSHumanReadableCopyright = "";
				LD_RUNPATH_SEARCH_PATHS = (
					"$(inherited)",
					"@executable_path/Frameworks",
					"@executable_path/../../Frameworks",
				);
				MARKETING_VERSION = 1.0;
				PRODUCT_BUNDLE_IDENTIFIER = "com.onesignal.devrel.ios-sample.OneSignal-iOS-Sample.SampleWidgetExtension";
				PRODUCT_NAME = "$(TARGET_NAME)";
				SKIP_INSTALL = YES;
				SWIFT_EMIT_LOC_STRINGS = YES;
				SWIFT_VERSION = 5.0;
				TARGETED_DEVICE_FAMILY = "1,2";
			};
			name = Release;
		};
		67DA2FE22B5E509A00821C94 /* Debug */ = {
			isa = XCBuildConfiguration;
			buildSettings = {
				ASSETCATALOG_COMPILER_GENERATE_SWIFT_ASSET_SYMBOL_EXTENSIONS = YES;
				ASSETCATALOG_COMPILER_GLOBAL_ACCENT_COLOR_NAME = AccentColor;
				ASSETCATALOG_COMPILER_WIDGET_BACKGROUND_COLOR_NAME = WidgetBackground;
				CODE_SIGN_STYLE = Automatic;
				CURRENT_PROJECT_VERSION = 1;
				DEVELOPMENT_TEAM = J3J28YJX9L;
				GCC_C_LANGUAGE_STANDARD = gnu17;
				GENERATE_INFOPLIST_FILE = YES;
				INFOPLIST_FILE = LiveActivity/Info.plist;
				INFOPLIST_KEY_CFBundleDisplayName = LiveActivity;
				INFOPLIST_KEY_NSHumanReadableCopyright = "";
				IPHONEOS_DEPLOYMENT_TARGET = 17.2;
				LD_RUNPATH_SEARCH_PATHS = (
					"$(inherited)",
					"@executable_path/Frameworks",
					"@executable_path/../../Frameworks",
				);
				LOCALIZATION_PREFERS_STRING_CATALOGS = YES;
				MARKETING_VERSION = 1.0;
				PRODUCT_BUNDLE_IDENTIFIER = "com.onesignal.devrel.ios-sample.OneSignal-iOS-Sample.LiveActivity";
				PRODUCT_NAME = "$(TARGET_NAME)";
				SKIP_INSTALL = YES;
				SWIFT_ACTIVE_COMPILATION_CONDITIONS = "DEBUG $(inherited)";
				SWIFT_EMIT_LOC_STRINGS = YES;
				SWIFT_VERSION = 5.0;
				TARGETED_DEVICE_FAMILY = "1,2";
			};
			name = Debug;
		};
		67DA2FE32B5E509A00821C94 /* Release */ = {
			isa = XCBuildConfiguration;
			buildSettings = {
				ASSETCATALOG_COMPILER_GENERATE_SWIFT_ASSET_SYMBOL_EXTENSIONS = YES;
				ASSETCATALOG_COMPILER_GLOBAL_ACCENT_COLOR_NAME = AccentColor;
				ASSETCATALOG_COMPILER_WIDGET_BACKGROUND_COLOR_NAME = WidgetBackground;
				CODE_SIGN_STYLE = Automatic;
				CURRENT_PROJECT_VERSION = 1;
				DEVELOPMENT_TEAM = J3J28YJX9L;
				GCC_C_LANGUAGE_STANDARD = gnu17;
				GENERATE_INFOPLIST_FILE = YES;
				INFOPLIST_FILE = LiveActivity/Info.plist;
				INFOPLIST_KEY_CFBundleDisplayName = LiveActivity;
				INFOPLIST_KEY_NSHumanReadableCopyright = "";
				IPHONEOS_DEPLOYMENT_TARGET = 17.2;
				LD_RUNPATH_SEARCH_PATHS = (
					"$(inherited)",
					"@executable_path/Frameworks",
					"@executable_path/../../Frameworks",
				);
				LOCALIZATION_PREFERS_STRING_CATALOGS = YES;
				MARKETING_VERSION = 1.0;
				PRODUCT_BUNDLE_IDENTIFIER = "com.onesignal.devrel.ios-sample.OneSignal-iOS-Sample.LiveActivity";
				PRODUCT_NAME = "$(TARGET_NAME)";
				SKIP_INSTALL = YES;
				SWIFT_EMIT_LOC_STRINGS = YES;
				SWIFT_VERSION = 5.0;
				TARGETED_DEVICE_FAMILY = "1,2";
			};
			name = Release;
		};
/* End XCBuildConfiguration section */

/* Begin XCConfigurationList section */
		670113B029E9A70700D01DE9 /* Build configuration list for PBXProject "OneSignal iOS Sample" */ = {
			isa = XCConfigurationList;
			buildConfigurations = (
				670113C129E9A70800D01DE9 /* Debug */,
				670113C229E9A70800D01DE9 /* Release */,
			);
			defaultConfigurationIsVisible = 0;
			defaultConfigurationName = Release;
		};
		670113C329E9A70800D01DE9 /* Build configuration list for PBXNativeTarget "OneSignal iOS Sample" */ = {
			isa = XCConfigurationList;
			buildConfigurations = (
				670113C429E9A70800D01DE9 /* Debug */,
				670113C529E9A70800D01DE9 /* Release */,
			);
			defaultConfigurationIsVisible = 0;
			defaultConfigurationName = Release;
		};
		670113D229E9AA8400D01DE9 /* Build configuration list for PBXNativeTarget "OneSignalNotificationServiceExtension" */ = {
			isa = XCConfigurationList;
			buildConfigurations = (
				670113D329E9AA8400D01DE9 /* Debug */,
				670113D429E9AA8400D01DE9 /* Release */,
			);
			defaultConfigurationIsVisible = 0;
			defaultConfigurationName = Release;
		};
		673A9B782A1C06FA000243D0 /* Build configuration list for PBXNativeTarget "SampleWidgetExtensionExtension" */ = {
			isa = XCConfigurationList;
			buildConfigurations = (
				673A9B792A1C06FA000243D0 /* Debug */,
				673A9B7A2A1C06FA000243D0 /* Release */,
			);
			defaultConfigurationIsVisible = 0;
			defaultConfigurationName = Release;
		};
		67DA2FE12B5E509A00821C94 /* Build configuration list for PBXNativeTarget "LiveActivityExtension" */ = {
			isa = XCConfigurationList;
			buildConfigurations = (
				67DA2FE22B5E509A00821C94 /* Debug */,
				67DA2FE32B5E509A00821C94 /* Release */,
			);
			defaultConfigurationIsVisible = 0;
			defaultConfigurationName = Release;
		};
/* End XCConfigurationList section */

/* Begin XCRemoteSwiftPackageReference section */
		675CA1C22C1CE00700EA9907 /* XCRemoteSwiftPackageReference "onesignal-ios-sdk" */ = {
			isa = XCRemoteSwiftPackageReference;
			repositoryURL = "https://github.com/onesignal/onesignal-ios-sdk";
			requirement = {
				kind = upToNextMajorVersion;
				minimumVersion = 5.2.1;
			};
		};
/* End XCRemoteSwiftPackageReference section */

/* Begin XCSwiftPackageProductDependency section */
		675CA1C32C1CE00700EA9907 /* OneSignalExtension */ = {
			isa = XCSwiftPackageProductDependency;
			package = 675CA1C22C1CE00700EA9907 /* XCRemoteSwiftPackageReference "onesignal-ios-sdk" */;
			productName = OneSignalExtension;
		};
		675CA1C52C1CE00700EA9907 /* OneSignalFramework */ = {
			isa = XCSwiftPackageProductDependency;
			package = 675CA1C22C1CE00700EA9907 /* XCRemoteSwiftPackageReference "onesignal-ios-sdk" */;
			productName = OneSignalFramework;
		};
		675CA1C72C1CE00700EA9907 /* OneSignalInAppMessages */ = {
			isa = XCSwiftPackageProductDependency;
			package = 675CA1C22C1CE00700EA9907 /* XCRemoteSwiftPackageReference "onesignal-ios-sdk" */;
			productName = OneSignalInAppMessages;
		};
/* End XCSwiftPackageProductDependency section */
	};
	rootObject = 670113AD29E9A70700D01DE9 /* Project object */;
}
