// !$*UTF8*$!
{
	archiveVersion = 1;
	classes = {
	};
	objectVersion = 56;
	objects = {

/* Begin PBXBuildFile section */
		670113B929E9A70700D01DE9 /* OneSignal_iOS_SampleApp.swift in Sources */ = {isa = PBXBuildFile; fileRef = 670113B829E9A70700D01DE9 /* OneSignal_iOS_SampleApp.swift */; };
		670113BB29E9A70700D01DE9 /* ContentView.swift in Sources */ = {isa = PBXBuildFile; fileRef = 670113BA29E9A70700D01DE9 /* ContentView.swift */; };
		670113BD29E9A70800D01DE9 /* Assets.xcassets in Resources */ = {isa = PBXBuildFile; fileRef = 670113BC29E9A70800D01DE9 /* Assets.xcassets */; };
		670113C029E9A70800D01DE9 /* Preview Assets.xcassets in Resources */ = {isa = PBXBuildFile; fileRef = 670113BF29E9A70800D01DE9 /* Preview Assets.xcassets */; };
		670113CD29E9AA8400D01DE9 /* NotificationService.swift in Sources */ = {isa = PBXBuildFile; fileRef = 670113CC29E9AA8400D01DE9 /* NotificationService.swift */; };
		670113D129E9AA8400D01DE9 /* OneSignalNotificationServiceExtension.appex in Embed Foundation Extensions */ = {isa = PBXBuildFile; fileRef = 670113CA29E9AA8400D01DE9 /* OneSignalNotificationServiceExtension.appex */; settings = {ATTRIBUTES = (RemoveHeadersOnCopy, ); }; };
		670113D829E9D6D900D01DE9 /* OneSignalExtension in Frameworks */ = {isa = PBXBuildFile; productRef = 670113D729E9D6D900D01DE9 /* OneSignalExtension */; };
		670113DA29E9D6D900D01DE9 /* OneSignalFramework in Frameworks */ = {isa = PBXBuildFile; productRef = 670113D929E9D6D900D01DE9 /* OneSignalFramework */; };
		67324DF529F5F81700886064 /* WidgetKit.framework in Frameworks */ = {isa = PBXBuildFile; fileRef = 67324DF429F5F81700886064 /* WidgetKit.framework */; };
		67324DF729F5F81700886064 /* SwiftUI.framework in Frameworks */ = {isa = PBXBuildFile; fileRef = 67324DF629F5F81700886064 /* SwiftUI.framework */; };
		673A9B4C2A1C06C6000243D0 /* WidgetKit.framework in Frameworks */ = {isa = PBXBuildFile; fileRef = 67324DF429F5F81700886064 /* WidgetKit.framework */; };
		673A9B4D2A1C06C6000243D0 /* SwiftUI.framework in Frameworks */ = {isa = PBXBuildFile; fileRef = 67324DF629F5F81700886064 /* SwiftUI.framework */; };
		673A9B662A1C06F9000243D0 /* WidgetKit.framework in Frameworks */ = {isa = PBXBuildFile; fileRef = 67324DF429F5F81700886064 /* WidgetKit.framework */; };
		673A9B672A1C06F9000243D0 /* SwiftUI.framework in Frameworks */ = {isa = PBXBuildFile; fileRef = 67324DF629F5F81700886064 /* SwiftUI.framework */; };
		673A9B6A2A1C06F9000243D0 /* SampleWidgetExtensionBundle.swift in Sources */ = {isa = PBXBuildFile; fileRef = 673A9B692A1C06F9000243D0 /* SampleWidgetExtensionBundle.swift */; };
		673A9B6C2A1C06F9000243D0 /* LiveActivity.swift in Sources */ = {isa = PBXBuildFile; fileRef = 673A9B6B2A1C06F9000243D0 /* LiveActivity.swift */; };
		673A9B6E2A1C06F9000243D0 /* SampleWidgetExtension.swift in Sources */ = {isa = PBXBuildFile; fileRef = 673A9B6D2A1C06F9000243D0 /* SampleWidgetExtension.swift */; };
		673A9B712A1C06FA000243D0 /* Assets.xcassets in Resources */ = {isa = PBXBuildFile; fileRef = 673A9B702A1C06FA000243D0 /* Assets.xcassets */; };
		673A9B732A1C06FA000243D0 /* SampleWidgetExtension.intentdefinition in Sources */ = {isa = PBXBuildFile; fileRef = 673A9B6F2A1C06F9000243D0 /* SampleWidgetExtension.intentdefinition */; };
		673A9B742A1C06FA000243D0 /* SampleWidgetExtension.intentdefinition in Sources */ = {isa = PBXBuildFile; fileRef = 673A9B6F2A1C06F9000243D0 /* SampleWidgetExtension.intentdefinition */; };
		679958662A1C0A860006091F /* SampleWidgetExtensionExtension.appex in Embed Foundation Extensions */ = {isa = PBXBuildFile; fileRef = 673A9B652A1C06F9000243D0 /* SampleWidgetExtensionExtension.appex */; settings = {ATTRIBUTES = (RemoveHeadersOnCopy, ); }; };
/* End PBXBuildFile section */

/* Begin PBXContainerItemProxy section */
		670113CF29E9AA8400D01DE9 /* PBXContainerItemProxy */ = {
			isa = PBXContainerItemProxy;
			containerPortal = 670113AD29E9A70700D01DE9 /* Project object */;
			proxyType = 1;
			remoteGlobalIDString = 670113C929E9AA8400D01DE9;
			remoteInfo = OneSignalNotificationServiceExtension;
		};
		673A9B7B2A1C088D000243D0 /* PBXContainerItemProxy */ = {
			isa = PBXContainerItemProxy;
			containerPortal = 670113AD29E9A70700D01DE9 /* Project object */;
			proxyType = 1;
			remoteGlobalIDString = 673A9B642A1C06F9000243D0;
			remoteInfo = SampleWidgetExtensionExtension;
		};
		679958672A1C0A860006091F /* PBXContainerItemProxy */ = {
			isa = PBXContainerItemProxy;
			containerPortal = 670113AD29E9A70700D01DE9 /* Project object */;
			proxyType = 1;
			remoteGlobalIDString = 673A9B642A1C06F9000243D0;
			remoteInfo = SampleWidgetExtensionExtension;
		};
/* End PBXContainerItemProxy section */

/* Begin PBXCopyFilesBuildPhase section */
		670113D529E9AA8400D01DE9 /* Embed Foundation Extensions */ = {
			isa = PBXCopyFilesBuildPhase;
			buildActionMask = 2147483647;
			dstPath = "";
			dstSubfolderSpec = 13;
			files = (
				679958662A1C0A860006091F /* SampleWidgetExtensionExtension.appex in Embed Foundation Extensions */,
				670113D129E9AA8400D01DE9 /* OneSignalNotificationServiceExtension.appex in Embed Foundation Extensions */,
			);
			name = "Embed Foundation Extensions";
			runOnlyForDeploymentPostprocessing = 0;
		};
/* End PBXCopyFilesBuildPhase section */

/* Begin PBXFileReference section */
		670113B529E9A70700D01DE9 /* OneSignal iOS Sample.app */ = {isa = PBXFileReference; explicitFileType = wrapper.application; includeInIndex = 0; path = "OneSignal iOS Sample.app"; sourceTree = BUILT_PRODUCTS_DIR; };
		670113B829E9A70700D01DE9 /* OneSignal_iOS_SampleApp.swift */ = {isa = PBXFileReference; lastKnownFileType = sourcecode.swift; path = OneSignal_iOS_SampleApp.swift; sourceTree = "<group>"; };
		670113BA29E9A70700D01DE9 /* ContentView.swift */ = {isa = PBXFileReference; lastKnownFileType = sourcecode.swift; path = ContentView.swift; sourceTree = "<group>"; };
		670113BC29E9A70800D01DE9 /* Assets.xcassets */ = {isa = PBXFileReference; lastKnownFileType = folder.assetcatalog; path = Assets.xcassets; sourceTree = "<group>"; };
		670113BF29E9A70800D01DE9 /* Preview Assets.xcassets */ = {isa = PBXFileReference; lastKnownFileType = folder.assetcatalog; path = "Preview Assets.xcassets"; sourceTree = "<group>"; };
		670113CA29E9AA8400D01DE9 /* OneSignalNotificationServiceExtension.appex */ = {isa = PBXFileReference; explicitFileType = "wrapper.app-extension"; includeInIndex = 0; path = OneSignalNotificationServiceExtension.appex; sourceTree = BUILT_PRODUCTS_DIR; };
		670113CC29E9AA8400D01DE9 /* NotificationService.swift */ = {isa = PBXFileReference; lastKnownFileType = sourcecode.swift; path = NotificationService.swift; sourceTree = "<group>"; };
		670113CE29E9AA8400D01DE9 /* Info.plist */ = {isa = PBXFileReference; lastKnownFileType = text.plist.xml; path = Info.plist; sourceTree = "<group>"; };
		67324DF229F5F81700886064 /* OneSignal iOS Sample WidgetExtension.appex */ = {isa = PBXFileReference; explicitFileType = "wrapper.app-extension"; includeInIndex = 0; path = "OneSignal iOS Sample WidgetExtension.appex"; sourceTree = BUILT_PRODUCTS_DIR; };
		67324DF429F5F81700886064 /* WidgetKit.framework */ = {isa = PBXFileReference; lastKnownFileType = wrapper.framework; name = WidgetKit.framework; path = System/Library/Frameworks/WidgetKit.framework; sourceTree = SDKROOT; };
		67324DF629F5F81700886064 /* SwiftUI.framework */ = {isa = PBXFileReference; lastKnownFileType = wrapper.framework; name = SwiftUI.framework; path = System/Library/Frameworks/SwiftUI.framework; sourceTree = SDKROOT; };
		673A9B4B2A1C06C6000243D0 /* SampleExtension.appex */ = {isa = PBXFileReference; explicitFileType = "wrapper.app-extension"; includeInIndex = 0; path = SampleExtension.appex; sourceTree = BUILT_PRODUCTS_DIR; };
		673A9B652A1C06F9000243D0 /* SampleWidgetExtensionExtension.appex */ = {isa = PBXFileReference; explicitFileType = "wrapper.app-extension"; includeInIndex = 0; path = SampleWidgetExtensionExtension.appex; sourceTree = BUILT_PRODUCTS_DIR; };
		673A9B692A1C06F9000243D0 /* SampleWidgetExtensionBundle.swift */ = {isa = PBXFileReference; lastKnownFileType = sourcecode.swift; path = SampleWidgetExtensionBundle.swift; sourceTree = "<group>"; };
		673A9B6B2A1C06F9000243D0 /* LiveActivity.swift */ = {isa = PBXFileReference; lastKnownFileType = sourcecode.swift; path = LiveActivity.swift; sourceTree = "<group>"; };
		673A9B6D2A1C06F9000243D0 /* SampleWidgetExtension.swift */ = {isa = PBXFileReference; lastKnownFileType = sourcecode.swift; path = SampleWidgetExtension.swift; sourceTree = "<group>"; };
		673A9B6F2A1C06F9000243D0 /* SampleWidgetExtension.intentdefinition */ = {isa = PBXFileReference; lastKnownFileType = file.intentdefinition; path = SampleWidgetExtension.intentdefinition; sourceTree = "<group>"; };
		673A9B702A1C06FA000243D0 /* Assets.xcassets */ = {isa = PBXFileReference; lastKnownFileType = folder.assetcatalog; path = Assets.xcassets; sourceTree = "<group>"; };
		673A9B722A1C06FA000243D0 /* Info.plist */ = {isa = PBXFileReference; lastKnownFileType = text.plist.xml; path = Info.plist; sourceTree = "<group>"; };
		67E3788E29EDD99200320FC3 /* OneSignal iOS Sample.entitlements */ = {isa = PBXFileReference; lastKnownFileType = text.plist.entitlements; path = "OneSignal iOS Sample.entitlements"; sourceTree = "<group>"; };
		67E3788F29EDDB4500320FC3 /* OneSignal-iOS-Sample-Info.plist */ = {isa = PBXFileReference; lastKnownFileType = text.plist; path = "OneSignal-iOS-Sample-Info.plist"; sourceTree = SOURCE_ROOT; };
/* End PBXFileReference section */

/* Begin PBXFrameworksBuildPhase section */
		670113B229E9A70700D01DE9 /* Frameworks */ = {
			isa = PBXFrameworksBuildPhase;
			buildActionMask = 2147483647;
			files = (
				670113DA29E9D6D900D01DE9 /* OneSignalFramework in Frameworks */,
				670113D829E9D6D900D01DE9 /* OneSignalExtension in Frameworks */,
			);
			runOnlyForDeploymentPostprocessing = 0;
		};
		670113C729E9AA8400D01DE9 /* Frameworks */ = {
			isa = PBXFrameworksBuildPhase;
			buildActionMask = 2147483647;
			files = (
			);
			runOnlyForDeploymentPostprocessing = 0;
		};
		67324DEF29F5F81700886064 /* Frameworks */ = {
			isa = PBXFrameworksBuildPhase;
			buildActionMask = 2147483647;
			files = (
				67324DF729F5F81700886064 /* SwiftUI.framework in Frameworks */,
				67324DF529F5F81700886064 /* WidgetKit.framework in Frameworks */,
			);
			runOnlyForDeploymentPostprocessing = 0;
		};
		673A9B482A1C06C6000243D0 /* Frameworks */ = {
			isa = PBXFrameworksBuildPhase;
			buildActionMask = 2147483647;
			files = (
				673A9B4D2A1C06C6000243D0 /* SwiftUI.framework in Frameworks */,
				673A9B4C2A1C06C6000243D0 /* WidgetKit.framework in Frameworks */,
			);
			runOnlyForDeploymentPostprocessing = 0;
		};
		673A9B622A1C06F9000243D0 /* Frameworks */ = {
			isa = PBXFrameworksBuildPhase;
			buildActionMask = 2147483647;
			files = (
				673A9B672A1C06F9000243D0 /* SwiftUI.framework in Frameworks */,
				673A9B662A1C06F9000243D0 /* WidgetKit.framework in Frameworks */,
			);
			runOnlyForDeploymentPostprocessing = 0;
		};
/* End PBXFrameworksBuildPhase section */

/* Begin PBXGroup section */
		670113AC29E9A70700D01DE9 = {
			isa = PBXGroup;
			children = (
				670113B729E9A70700D01DE9 /* OneSignal iOS Sample */,
				670113CB29E9AA8400D01DE9 /* OneSignalNotificationServiceExtension */,
				673A9B682A1C06F9000243D0 /* SampleWidgetExtension */,
				67324DF329F5F81700886064 /* Frameworks */,
				670113B629E9A70700D01DE9 /* Products */,
			);
			sourceTree = "<group>";
		};
		670113B629E9A70700D01DE9 /* Products */ = {
			isa = PBXGroup;
			children = (
				670113B529E9A70700D01DE9 /* OneSignal iOS Sample.app */,
				670113CA29E9AA8400D01DE9 /* OneSignalNotificationServiceExtension.appex */,
				67324DF229F5F81700886064 /* OneSignal iOS Sample WidgetExtension.appex */,
				673A9B4B2A1C06C6000243D0 /* SampleExtension.appex */,
				673A9B652A1C06F9000243D0 /* SampleWidgetExtensionExtension.appex */,
			);
			name = Products;
			sourceTree = "<group>";
		};
		670113B729E9A70700D01DE9 /* OneSignal iOS Sample */ = {
			isa = PBXGroup;
			children = (
				67E3788F29EDDB4500320FC3 /* OneSignal-iOS-Sample-Info.plist */,
				67E3788E29EDD99200320FC3 /* OneSignal iOS Sample.entitlements */,
				670113B829E9A70700D01DE9 /* OneSignal_iOS_SampleApp.swift */,
				670113BA29E9A70700D01DE9 /* ContentView.swift */,
				670113BC29E9A70800D01DE9 /* Assets.xcassets */,
				670113BE29E9A70800D01DE9 /* Preview Content */,
			);
			path = "OneSignal iOS Sample";
			sourceTree = "<group>";
		};
		670113BE29E9A70800D01DE9 /* Preview Content */ = {
			isa = PBXGroup;
			children = (
				670113BF29E9A70800D01DE9 /* Preview Assets.xcassets */,
			);
			path = "Preview Content";
			sourceTree = "<group>";
		};
		670113CB29E9AA8400D01DE9 /* OneSignalNotificationServiceExtension */ = {
			isa = PBXGroup;
			children = (
				670113CC29E9AA8400D01DE9 /* NotificationService.swift */,
				670113CE29E9AA8400D01DE9 /* Info.plist */,
			);
			path = OneSignalNotificationServiceExtension;
			sourceTree = "<group>";
		};
		67324DF329F5F81700886064 /* Frameworks */ = {
			isa = PBXGroup;
			children = (
				67324DF429F5F81700886064 /* WidgetKit.framework */,
				67324DF629F5F81700886064 /* SwiftUI.framework */,
			);
			name = Frameworks;
			sourceTree = "<group>";
		};
		673A9B682A1C06F9000243D0 /* SampleWidgetExtension */ = {
			isa = PBXGroup;
			children = (
				673A9B692A1C06F9000243D0 /* SampleWidgetExtensionBundle.swift */,
				673A9B6B2A1C06F9000243D0 /* LiveActivity.swift */,
				673A9B6D2A1C06F9000243D0 /* SampleWidgetExtension.swift */,
				673A9B6F2A1C06F9000243D0 /* SampleWidgetExtension.intentdefinition */,
				673A9B702A1C06FA000243D0 /* Assets.xcassets */,
				673A9B722A1C06FA000243D0 /* Info.plist */,
			);
			path = SampleWidgetExtension;
			sourceTree = "<group>";
		};
/* End PBXGroup section */

/* Begin PBXNativeTarget section */
		670113B429E9A70700D01DE9 /* OneSignal iOS Sample */ = {
			isa = PBXNativeTarget;
			buildConfigurationList = 670113C329E9A70800D01DE9 /* Build configuration list for PBXNativeTarget "OneSignal iOS Sample" */;
			buildPhases = (
				670113B129E9A70700D01DE9 /* Sources */,
				670113B229E9A70700D01DE9 /* Frameworks */,
				670113B329E9A70700D01DE9 /* Resources */,
				670113D529E9AA8400D01DE9 /* Embed Foundation Extensions */,
			);
			buildRules = (
			);
			dependencies = (
				670113D029E9AA8400D01DE9 /* PBXTargetDependency */,
				673A9B7C2A1C088D000243D0 /* PBXTargetDependency */,
				679958682A1C0A860006091F /* PBXTargetDependency */,
			);
			name = "OneSignal iOS Sample";
			packageProductDependencies = (
				670113D729E9D6D900D01DE9 /* OneSignalExtension */,
				670113D929E9D6D900D01DE9 /* OneSignalFramework */,
			);
			productName = "OneSignal iOS Sample";
			productReference = 670113B529E9A70700D01DE9 /* OneSignal iOS Sample.app */;
			productType = "com.apple.product-type.application";
		};
		670113C929E9AA8400D01DE9 /* OneSignalNotificationServiceExtension */ = {
			isa = PBXNativeTarget;
			buildConfigurationList = 670113D229E9AA8400D01DE9 /* Build configuration list for PBXNativeTarget "OneSignalNotificationServiceExtension" */;
			buildPhases = (
				670113C629E9AA8400D01DE9 /* Sources */,
				670113C729E9AA8400D01DE9 /* Frameworks */,
				670113C829E9AA8400D01DE9 /* Resources */,
			);
			buildRules = (
			);
			dependencies = (
			);
			name = OneSignalNotificationServiceExtension;
			productName = OneSignalNotificationServiceExtension;
			productReference = 670113CA29E9AA8400D01DE9 /* OneSignalNotificationServiceExtension.appex */;
			productType = "com.apple.product-type.app-extension";
		};
		67324DF129F5F81700886064 /* OneSignal iOS Sample WidgetExtension */ = {
			isa = PBXNativeTarget;
			buildConfigurationList = 67324E0A29F5F81800886064 /* Build configuration list for PBXNativeTarget "OneSignal iOS Sample WidgetExtension" */;
			buildPhases = (
				67324DEE29F5F81700886064 /* Sources */,
				67324DEF29F5F81700886064 /* Frameworks */,
				67324DF029F5F81700886064 /* Resources */,
			);
			buildRules = (
			);
			dependencies = (
			);
			name = "OneSignal iOS Sample WidgetExtension";
			productName = "OneSignal iOS Sample WidgetExtension";
			productReference = 67324DF229F5F81700886064 /* OneSignal iOS Sample WidgetExtension.appex */;
			productType = "com.apple.product-type.app-extension";
		};
		673A9B4A2A1C06C6000243D0 /* SampleExtension */ = {
			isa = PBXNativeTarget;
			buildConfigurationList = 673A9B5E2A1C06C7000243D0 /* Build configuration list for PBXNativeTarget "SampleExtension" */;
			buildPhases = (
				673A9B472A1C06C6000243D0 /* Sources */,
				673A9B482A1C06C6000243D0 /* Frameworks */,
				673A9B492A1C06C6000243D0 /* Resources */,
			);
			buildRules = (
			);
			dependencies = (
			);
			name = SampleExtension;
			productName = SampleExtension;
			productReference = 673A9B4B2A1C06C6000243D0 /* SampleExtension.appex */;
			productType = "com.apple.product-type.app-extension";
		};
		673A9B642A1C06F9000243D0 /* SampleWidgetExtensionExtension */ = {
			isa = PBXNativeTarget;
			buildConfigurationList = 673A9B782A1C06FA000243D0 /* Build configuration list for PBXNativeTarget "SampleWidgetExtensionExtension" */;
			buildPhases = (
				673A9B612A1C06F9000243D0 /* Sources */,
				673A9B622A1C06F9000243D0 /* Frameworks */,
				673A9B632A1C06F9000243D0 /* Resources */,
			);
			buildRules = (
			);
			dependencies = (
			);
			name = SampleWidgetExtensionExtension;
			productName = SampleWidgetExtensionExtension;
			productReference = 673A9B652A1C06F9000243D0 /* SampleWidgetExtensionExtension.appex */;
			productType = "com.apple.product-type.app-extension";
		};
/* End PBXNativeTarget section */

/* Begin PBXProject section */
		670113AD29E9A70700D01DE9 /* Project object */ = {
			isa = PBXProject;
			attributes = {
				BuildIndependentTargetsInParallel = 1;
				LastSwiftUpdateCheck = 1430;
				LastUpgradeCheck = 1430;
				TargetAttributes = {
					670113B429E9A70700D01DE9 = {
						CreatedOnToolsVersion = 14.3;
					};
					670113C929E9AA8400D01DE9 = {
						CreatedOnToolsVersion = 14.3;
					};
					67324DF129F5F81700886064 = {
						CreatedOnToolsVersion = 14.3;
					};
					673A9B4A2A1C06C6000243D0 = {
						CreatedOnToolsVersion = 14.3;
					};
					673A9B642A1C06F9000243D0 = {
						CreatedOnToolsVersion = 14.3;
					};
				};
			};
			buildConfigurationList = 670113B029E9A70700D01DE9 /* Build configuration list for PBXProject "OneSignal iOS Sample" */;
			compatibilityVersion = "Xcode 14.0";
			developmentRegion = en;
			hasScannedForEncodings = 0;
			knownRegions = (
				en,
				Base,
			);
			mainGroup = 670113AC29E9A70700D01DE9;
			packageReferences = (
				670113D629E9D6D900D01DE9 /* XCRemoteSwiftPackageReference "OneSignal-XCFramework" */,
			);
			productRefGroup = 670113B629E9A70700D01DE9 /* Products */;
			projectDirPath = "";
			projectRoot = "";
			targets = (
				670113B429E9A70700D01DE9 /* OneSignal iOS Sample */,
				670113C929E9AA8400D01DE9 /* OneSignalNotificationServiceExtension */,
				67324DF129F5F81700886064 /* OneSignal iOS Sample WidgetExtension */,
				673A9B4A2A1C06C6000243D0 /* SampleExtension */,
				673A9B642A1C06F9000243D0 /* SampleWidgetExtensionExtension */,
			);
		};
/* End PBXProject section */

/* Begin PBXResourcesBuildPhase section */
		670113B329E9A70700D01DE9 /* Resources */ = {
			isa = PBXResourcesBuildPhase;
			buildActionMask = 2147483647;
			files = (
				670113C029E9A70800D01DE9 /* Preview Assets.xcassets in Resources */,
				670113BD29E9A70800D01DE9 /* Assets.xcassets in Resources */,
			);
			runOnlyForDeploymentPostprocessing = 0;
		};
		670113C829E9AA8400D01DE9 /* Resources */ = {
			isa = PBXResourcesBuildPhase;
			buildActionMask = 2147483647;
			files = (
			);
			runOnlyForDeploymentPostprocessing = 0;
		};
		67324DF029F5F81700886064 /* Resources */ = {
			isa = PBXResourcesBuildPhase;
			buildActionMask = 2147483647;
			files = (
			);
			runOnlyForDeploymentPostprocessing = 0;
		};
		673A9B492A1C06C6000243D0 /* Resources */ = {
			isa = PBXResourcesBuildPhase;
			buildActionMask = 2147483647;
			files = (
			);
			runOnlyForDeploymentPostprocessing = 0;
		};
		673A9B632A1C06F9000243D0 /* Resources */ = {
			isa = PBXResourcesBuildPhase;
			buildActionMask = 2147483647;
			files = (
				673A9B712A1C06FA000243D0 /* Assets.xcassets in Resources */,
			);
			runOnlyForDeploymentPostprocessing = 0;
		};
/* End PBXResourcesBuildPhase section */

/* Begin PBXSourcesBuildPhase section */
		670113B129E9A70700D01DE9 /* Sources */ = {
			isa = PBXSourcesBuildPhase;
			buildActionMask = 2147483647;
			files = (
				670113BB29E9A70700D01DE9 /* ContentView.swift in Sources */,
				673A9B742A1C06FA000243D0 /* SampleWidgetExtension.intentdefinition in Sources */,
				670113B929E9A70700D01DE9 /* OneSignal_iOS_SampleApp.swift in Sources */,
			);
			runOnlyForDeploymentPostprocessing = 0;
		};
		670113C629E9AA8400D01DE9 /* Sources */ = {
			isa = PBXSourcesBuildPhase;
			buildActionMask = 2147483647;
			files = (
				670113CD29E9AA8400D01DE9 /* NotificationService.swift in Sources */,
			);
			runOnlyForDeploymentPostprocessing = 0;
		};
		67324DEE29F5F81700886064 /* Sources */ = {
			isa = PBXSourcesBuildPhase;
			buildActionMask = 2147483647;
			files = (
			);
			runOnlyForDeploymentPostprocessing = 0;
		};
		673A9B472A1C06C6000243D0 /* Sources */ = {
			isa = PBXSourcesBuildPhase;
			buildActionMask = 2147483647;
			files = (
			);
			runOnlyForDeploymentPostprocessing = 0;
		};
		673A9B612A1C06F9000243D0 /* Sources */ = {
			isa = PBXSourcesBuildPhase;
			buildActionMask = 2147483647;
			files = (
				673A9B6C2A1C06F9000243D0 /* LiveActivity.swift in Sources */,
				673A9B6A2A1C06F9000243D0 /* SampleWidgetExtensionBundle.swift in Sources */,
				673A9B732A1C06FA000243D0 /* SampleWidgetExtension.intentdefinition in Sources */,
				673A9B6E2A1C06F9000243D0 /* SampleWidgetExtension.swift in Sources */,
			);
			runOnlyForDeploymentPostprocessing = 0;
		};
/* End PBXSourcesBuildPhase section */

/* Begin PBXTargetDependency section */
		670113D029E9AA8400D01DE9 /* PBXTargetDependency */ = {
			isa = PBXTargetDependency;
			target = 670113C929E9AA8400D01DE9 /* OneSignalNotificationServiceExtension */;
			targetProxy = 670113CF29E9AA8400D01DE9 /* PBXContainerItemProxy */;
		};
		673A9B7C2A1C088D000243D0 /* PBXTargetDependency */ = {
			isa = PBXTargetDependency;
			target = 673A9B642A1C06F9000243D0 /* SampleWidgetExtensionExtension */;
			targetProxy = 673A9B7B2A1C088D000243D0 /* PBXContainerItemProxy */;
		};
		679958682A1C0A860006091F /* PBXTargetDependency */ = {
			isa = PBXTargetDependency;
			target = 673A9B642A1C06F9000243D0 /* SampleWidgetExtensionExtension */;
			targetProxy = 679958672A1C0A860006091F /* PBXContainerItemProxy */;
		};
/* End PBXTargetDependency section */

/* Begin XCBuildConfiguration section */
		670113C129E9A70800D01DE9 /* Debug */ = {
			isa = XCBuildConfiguration;
			buildSettings = {
				ALWAYS_SEARCH_USER_PATHS = NO;
				CLANG_ANALYZER_NONNULL = YES;
				CLANG_ANALYZER_NUMBER_OBJECT_CONVERSION = YES_AGGRESSIVE;
				CLANG_CXX_LANGUAGE_STANDARD = "gnu++20";
				CLANG_ENABLE_MODULES = YES;
				CLANG_ENABLE_OBJC_ARC = YES;
				CLANG_ENABLE_OBJC_WEAK = YES;
				CLANG_WARN_BLOCK_CAPTURE_AUTORELEASING = YES;
				CLANG_WARN_BOOL_CONVERSION = YES;
				CLANG_WARN_COMMA = YES;
				CLANG_WARN_CONSTANT_CONVERSION = YES;
				CLANG_WARN_DEPRECATED_OBJC_IMPLEMENTATIONS = YES;
				CLANG_WARN_DIRECT_OBJC_ISA_USAGE = YES_ERROR;
				CLANG_WARN_DOCUMENTATION_COMMENTS = YES;
				CLANG_WARN_EMPTY_BODY = YES;
				CLANG_WARN_ENUM_CONVERSION = YES;
				CLANG_WARN_INFINITE_RECURSION = YES;
				CLANG_WARN_INT_CONVERSION = YES;
				CLANG_WARN_NON_LITERAL_NULL_CONVERSION = YES;
				CLANG_WARN_OBJC_IMPLICIT_RETAIN_SELF = YES;
				CLANG_WARN_OBJC_LITERAL_CONVERSION = YES;
				CLANG_WARN_OBJC_ROOT_CLASS = YES_ERROR;
				CLANG_WARN_QUOTED_INCLUDE_IN_FRAMEWORK_HEADER = YES;
				CLANG_WARN_RANGE_LOOP_ANALYSIS = YES;
				CLANG_WARN_STRICT_PROTOTYPES = YES;
				CLANG_WARN_SUSPICIOUS_MOVE = YES;
				CLANG_WARN_UNGUARDED_AVAILABILITY = YES_AGGRESSIVE;
				CLANG_WARN_UNREACHABLE_CODE = YES;
				CLANG_WARN__DUPLICATE_METHOD_MATCH = YES;
				COPY_PHASE_STRIP = NO;
				DEBUG_INFORMATION_FORMAT = dwarf;
				ENABLE_STRICT_OBJC_MSGSEND = YES;
				ENABLE_TESTABILITY = YES;
				GCC_C_LANGUAGE_STANDARD = gnu11;
				GCC_DYNAMIC_NO_PIC = NO;
				GCC_NO_COMMON_BLOCKS = YES;
				GCC_OPTIMIZATION_LEVEL = 0;
				GCC_PREPROCESSOR_DEFINITIONS = (
					"DEBUG=1",
					"$(inherited)",
				);
				GCC_WARN_64_TO_32_BIT_CONVERSION = YES;
				GCC_WARN_ABOUT_RETURN_TYPE = YES_ERROR;
				GCC_WARN_UNDECLARED_SELECTOR = YES;
				GCC_WARN_UNINITIALIZED_AUTOS = YES_AGGRESSIVE;
				GCC_WARN_UNUSED_FUNCTION = YES;
				GCC_WARN_UNUSED_VARIABLE = YES;
				IPHONEOS_DEPLOYMENT_TARGET = 16.4;
				MTL_ENABLE_DEBUG_INFO = INCLUDE_SOURCE;
				MTL_FAST_MATH = YES;
				ONLY_ACTIVE_ARCH = YES;
				SDKROOT = iphoneos;
				SWIFT_ACTIVE_COMPILATION_CONDITIONS = DEBUG;
				SWIFT_OPTIMIZATION_LEVEL = "-Onone";
			};
			name = Debug;
		};
		670113C229E9A70800D01DE9 /* Release */ = {
			isa = XCBuildConfiguration;
			buildSettings = {
				ALWAYS_SEARCH_USER_PATHS = NO;
				CLANG_ANALYZER_NONNULL = YES;
				CLANG_ANALYZER_NUMBER_OBJECT_CONVERSION = YES_AGGRESSIVE;
				CLANG_CXX_LANGUAGE_STANDARD = "gnu++20";
				CLANG_ENABLE_MODULES = YES;
				CLANG_ENABLE_OBJC_ARC = YES;
				CLANG_ENABLE_OBJC_WEAK = YES;
				CLANG_WARN_BLOCK_CAPTURE_AUTORELEASING = YES;
				CLANG_WARN_BOOL_CONVERSION = YES;
				CLANG_WARN_COMMA = YES;
				CLANG_WARN_CONSTANT_CONVERSION = YES;
				CLANG_WARN_DEPRECATED_OBJC_IMPLEMENTATIONS = YES;
				CLANG_WARN_DIRECT_OBJC_ISA_USAGE = YES_ERROR;
				CLANG_WARN_DOCUMENTATION_COMMENTS = YES;
				CLANG_WARN_EMPTY_BODY = YES;
				CLANG_WARN_ENUM_CONVERSION = YES;
				CLANG_WARN_INFINITE_RECURSION = YES;
				CLANG_WARN_INT_CONVERSION = YES;
				CLANG_WARN_NON_LITERAL_NULL_CONVERSION = YES;
				CLANG_WARN_OBJC_IMPLICIT_RETAIN_SELF = YES;
				CLANG_WARN_OBJC_LITERAL_CONVERSION = YES;
				CLANG_WARN_OBJC_ROOT_CLASS = YES_ERROR;
				CLANG_WARN_QUOTED_INCLUDE_IN_FRAMEWORK_HEADER = YES;
				CLANG_WARN_RANGE_LOOP_ANALYSIS = YES;
				CLANG_WARN_STRICT_PROTOTYPES = YES;
				CLANG_WARN_SUSPICIOUS_MOVE = YES;
				CLANG_WARN_UNGUARDED_AVAILABILITY = YES_AGGRESSIVE;
				CLANG_WARN_UNREACHABLE_CODE = YES;
				CLANG_WARN__DUPLICATE_METHOD_MATCH = YES;
				COPY_PHASE_STRIP = NO;
				DEBUG_INFORMATION_FORMAT = "dwarf-with-dsym";
				ENABLE_NS_ASSERTIONS = NO;
				ENABLE_STRICT_OBJC_MSGSEND = YES;
				GCC_C_LANGUAGE_STANDARD = gnu11;
				GCC_NO_COMMON_BLOCKS = YES;
				GCC_WARN_64_TO_32_BIT_CONVERSION = YES;
				GCC_WARN_ABOUT_RETURN_TYPE = YES_ERROR;
				GCC_WARN_UNDECLARED_SELECTOR = YES;
				GCC_WARN_UNINITIALIZED_AUTOS = YES_AGGRESSIVE;
				GCC_WARN_UNUSED_FUNCTION = YES;
				GCC_WARN_UNUSED_VARIABLE = YES;
				IPHONEOS_DEPLOYMENT_TARGET = 16.4;
				MTL_ENABLE_DEBUG_INFO = NO;
				MTL_FAST_MATH = YES;
				SDKROOT = iphoneos;
				SWIFT_COMPILATION_MODE = wholemodule;
				SWIFT_OPTIMIZATION_LEVEL = "-O";
				VALIDATE_PRODUCT = YES;
			};
			name = Release;
		};
		670113C429E9A70800D01DE9 /* Debug */ = {
			isa = XCBuildConfiguration;
			buildSettings = {
				ALWAYS_EMBED_SWIFT_STANDARD_LIBRARIES = YES;
				ASSETCATALOG_COMPILER_APPICON_NAME = AppIcon;
				ASSETCATALOG_COMPILER_GLOBAL_ACCENT_COLOR_NAME = AccentColor;
				CODE_SIGN_ENTITLEMENTS = "OneSignal iOS Sample/OneSignal iOS Sample.entitlements";
				CODE_SIGN_STYLE = Automatic;
				CURRENT_PROJECT_VERSION = 1;
				DEVELOPMENT_ASSET_PATHS = "\"OneSignal iOS Sample/Preview Content\"";
				DEVELOPMENT_TEAM = J3J28YJX9L;
				ENABLE_PREVIEWS = YES;
				GENERATE_INFOPLIST_FILE = YES;
				INFOPLIST_FILE = "OneSignal-iOS-Sample-Info.plist";
				INFOPLIST_KEY_UIApplicationSceneManifest_Generation = YES;
				INFOPLIST_KEY_UIApplicationSupportsIndirectInputEvents = YES;
				INFOPLIST_KEY_UILaunchScreen_Generation = YES;
				INFOPLIST_KEY_UISupportedInterfaceOrientations_iPad = "UIInterfaceOrientationPortrait UIInterfaceOrientationPortraitUpsideDown UIInterfaceOrientationLandscapeLeft UIInterfaceOrientationLandscapeRight";
				INFOPLIST_KEY_UISupportedInterfaceOrientations_iPhone = "UIInterfaceOrientationPortrait UIInterfaceOrientationLandscapeLeft UIInterfaceOrientationLandscapeRight";
				LD_RUNPATH_SEARCH_PATHS = (
					"$(inherited)",
					"@executable_path/Frameworks",
				);
				MARKETING_VERSION = 1.0;
				PRODUCT_BUNDLE_IDENTIFIER = "com.onesignal.devrel.ios-sample.OneSignal-iOS-Sample";
				PRODUCT_NAME = "$(TARGET_NAME)";
				SUPPORTED_PLATFORMS = "iphoneos iphonesimulator";
				SUPPORTS_MACCATALYST = NO;
				SUPPORTS_MAC_DESIGNED_FOR_IPHONE_IPAD = NO;
				SWIFT_EMIT_LOC_STRINGS = YES;
				SWIFT_VERSION = 5.0;
				TARGETED_DEVICE_FAMILY = "1,2";
			};
			name = Debug;
		};
		670113C529E9A70800D01DE9 /* Release */ = {
			isa = XCBuildConfiguration;
			buildSettings = {
				ALWAYS_EMBED_SWIFT_STANDARD_LIBRARIES = YES;
				ASSETCATALOG_COMPILER_APPICON_NAME = AppIcon;
				ASSETCATALOG_COMPILER_GLOBAL_ACCENT_COLOR_NAME = AccentColor;
				CODE_SIGN_ENTITLEMENTS = "OneSignal iOS Sample/OneSignal iOS Sample.entitlements";
				CODE_SIGN_STYLE = Automatic;
				CURRENT_PROJECT_VERSION = 1;
				DEVELOPMENT_ASSET_PATHS = "\"OneSignal iOS Sample/Preview Content\"";
				DEVELOPMENT_TEAM = J3J28YJX9L;
				ENABLE_PREVIEWS = YES;
				GENERATE_INFOPLIST_FILE = YES;
				INFOPLIST_FILE = "OneSignal-iOS-Sample-Info.plist";
				INFOPLIST_KEY_UIApplicationSceneManifest_Generation = YES;
				INFOPLIST_KEY_UIApplicationSupportsIndirectInputEvents = YES;
				INFOPLIST_KEY_UILaunchScreen_Generation = YES;
				INFOPLIST_KEY_UISupportedInterfaceOrientations_iPad = "UIInterfaceOrientationPortrait UIInterfaceOrientationPortraitUpsideDown UIInterfaceOrientationLandscapeLeft UIInterfaceOrientationLandscapeRight";
				INFOPLIST_KEY_UISupportedInterfaceOrientations_iPhone = "UIInterfaceOrientationPortrait UIInterfaceOrientationLandscapeLeft UIInterfaceOrientationLandscapeRight";
				LD_RUNPATH_SEARCH_PATHS = (
					"$(inherited)",
					"@executable_path/Frameworks",
				);
				MARKETING_VERSION = 1.0;
				PRODUCT_BUNDLE_IDENTIFIER = "com.onesignal.devrel.ios-sample.OneSignal-iOS-Sample";
				PRODUCT_NAME = "$(TARGET_NAME)";
				SUPPORTED_PLATFORMS = "iphoneos iphonesimulator";
				SUPPORTS_MACCATALYST = NO;
				SUPPORTS_MAC_DESIGNED_FOR_IPHONE_IPAD = NO;
				SWIFT_EMIT_LOC_STRINGS = YES;
				SWIFT_VERSION = 5.0;
				TARGETED_DEVICE_FAMILY = "1,2";
			};
			name = Release;
		};
		670113D329E9AA8400D01DE9 /* Debug */ = {
			isa = XCBuildConfiguration;
			buildSettings = {
				CODE_SIGN_STYLE = Automatic;
				CURRENT_PROJECT_VERSION = 1;
				DEVELOPMENT_TEAM = J3J28YJX9L;
				GENERATE_INFOPLIST_FILE = YES;
				INFOPLIST_FILE = OneSignalNotificationServiceExtension/Info.plist;
				INFOPLIST_KEY_CFBundleDisplayName = OneSignalNotificationServiceExtension;
				INFOPLIST_KEY_NSHumanReadableCopyright = "";
				LD_RUNPATH_SEARCH_PATHS = (
					"$(inherited)",
					"@executable_path/Frameworks",
					"@executable_path/../../Frameworks",
				);
				MARKETING_VERSION = 1.0;
				PRODUCT_BUNDLE_IDENTIFIER = "com.onesignal.devrel.ios-sample.OneSignal-iOS-Sample.OneSignalNotificationServiceExtension";
				PRODUCT_NAME = "$(TARGET_NAME)";
				SKIP_INSTALL = YES;
				SWIFT_EMIT_LOC_STRINGS = YES;
				SWIFT_VERSION = 5.0;
				TARGETED_DEVICE_FAMILY = "1,2";
			};
			name = Debug;
		};
		670113D429E9AA8400D01DE9 /* Release */ = {
			isa = XCBuildConfiguration;
			buildSettings = {
				CODE_SIGN_STYLE = Automatic;
				CURRENT_PROJECT_VERSION = 1;
				DEVELOPMENT_TEAM = J3J28YJX9L;
				GENERATE_INFOPLIST_FILE = YES;
				INFOPLIST_FILE = OneSignalNotificationServiceExtension/Info.plist;
				INFOPLIST_KEY_CFBundleDisplayName = OneSignalNotificationServiceExtension;
				INFOPLIST_KEY_NSHumanReadableCopyright = "";
				LD_RUNPATH_SEARCH_PATHS = (
					"$(inherited)",
					"@executable_path/Frameworks",
					"@executable_path/../../Frameworks",
				);
				MARKETING_VERSION = 1.0;
				PRODUCT_BUNDLE_IDENTIFIER = "com.onesignal.devrel.ios-sample.OneSignal-iOS-Sample.OneSignalNotificationServiceExtension";
				PRODUCT_NAME = "$(TARGET_NAME)";
				SKIP_INSTALL = YES;
				SWIFT_EMIT_LOC_STRINGS = YES;
				SWIFT_VERSION = 5.0;
				TARGETED_DEVICE_FAMILY = "1,2";
			};
			name = Release;
		};
		67324E0829F5F81800886064 /* Debug */ = {
			isa = XCBuildConfiguration;
			buildSettings = {
				ASSETCATALOG_COMPILER_GLOBAL_ACCENT_COLOR_NAME = AccentColor;
				ASSETCATALOG_COMPILER_WIDGET_BACKGROUND_COLOR_NAME = WidgetBackground;
				CODE_SIGN_STYLE = Automatic;
				CURRENT_PROJECT_VERSION = 1;
				DEVELOPMENT_TEAM = J3J28YJX9L;
				GENERATE_INFOPLIST_FILE = YES;
				INFOPLIST_FILE = "OneSignal iOS Sample Widget/Info.plist";
				INFOPLIST_KEY_CFBundleDisplayName = "Sample Widget";
				INFOPLIST_KEY_NSHumanReadableCopyright = "";
				LD_RUNPATH_SEARCH_PATHS = (
					"$(inherited)",
					"@executable_path/Frameworks",
					"@executable_path/../../Frameworks",
				);
				MARKETING_VERSION = 1.0;
				PRODUCT_BUNDLE_IDENTIFIER = "com.onesignal.devrel.ios-sample.Sample.Sample-Widget";
				PRODUCT_NAME = "$(TARGET_NAME)";
				SKIP_INSTALL = YES;
				SWIFT_EMIT_LOC_STRINGS = YES;
				SWIFT_VERSION = 5.0;
				TARGETED_DEVICE_FAMILY = "1,2";
			};
			name = Debug;
		};
		67324E0929F5F81800886064 /* Release */ = {
			isa = XCBuildConfiguration;
			buildSettings = {
				ASSETCATALOG_COMPILER_GLOBAL_ACCENT_COLOR_NAME = AccentColor;
				ASSETCATALOG_COMPILER_WIDGET_BACKGROUND_COLOR_NAME = WidgetBackground;
				CODE_SIGN_STYLE = Automatic;
				CURRENT_PROJECT_VERSION = 1;
				DEVELOPMENT_TEAM = J3J28YJX9L;
				GENERATE_INFOPLIST_FILE = YES;
				INFOPLIST_FILE = "OneSignal iOS Sample Widget/Info.plist";
				INFOPLIST_KEY_CFBundleDisplayName = "Sample Widget";
				INFOPLIST_KEY_NSHumanReadableCopyright = "";
				LD_RUNPATH_SEARCH_PATHS = (
					"$(inherited)",
					"@executable_path/Frameworks",
					"@executable_path/../../Frameworks",
				);
				MARKETING_VERSION = 1.0;
				PRODUCT_BUNDLE_IDENTIFIER = "com.onesignal.devrel.ios-sample.Sample.Sample-Widget";
				PRODUCT_NAME = "$(TARGET_NAME)";
				SKIP_INSTALL = YES;
				SWIFT_EMIT_LOC_STRINGS = YES;
				SWIFT_VERSION = 5.0;
				TARGETED_DEVICE_FAMILY = "1,2";
			};
			name = Release;
		};
		673A9B5F2A1C06C7000243D0 /* Debug */ = {
			isa = XCBuildConfiguration;
			buildSettings = {
				ASSETCATALOG_COMPILER_GLOBAL_ACCENT_COLOR_NAME = AccentColor;
				ASSETCATALOG_COMPILER_WIDGET_BACKGROUND_COLOR_NAME = WidgetBackground;
				CODE_SIGN_STYLE = Automatic;
				CURRENT_PROJECT_VERSION = 1;
				DEVELOPMENT_TEAM = J3J28YJX9L;
				GENERATE_INFOPLIST_FILE = YES;
				INFOPLIST_FILE = Sample/Info.plist;
				INFOPLIST_KEY_CFBundleDisplayName = Sample;
				INFOPLIST_KEY_NSHumanReadableCopyright = "";
				LD_RUNPATH_SEARCH_PATHS = (
					"$(inherited)",
					"@executable_path/Frameworks",
					"@executable_path/../../Frameworks",
				);
				MARKETING_VERSION = 1.0;
				PRODUCT_BUNDLE_IDENTIFIER = "com.onesignal.devrel.ios-sample.OneSignal-iOS-Sample.Sample";
				PRODUCT_NAME = "$(TARGET_NAME)";
				SKIP_INSTALL = YES;
				SWIFT_EMIT_LOC_STRINGS = YES;
				SWIFT_VERSION = 5.0;
				TARGETED_DEVICE_FAMILY = "1,2";
			};
			name = Debug;
		};
		673A9B602A1C06C7000243D0 /* Release */ = {
			isa = XCBuildConfiguration;
			buildSettings = {
				ASSETCATALOG_COMPILER_GLOBAL_ACCENT_COLOR_NAME = AccentColor;
				ASSETCATALOG_COMPILER_WIDGET_BACKGROUND_COLOR_NAME = WidgetBackground;
				CODE_SIGN_STYLE = Automatic;
				CURRENT_PROJECT_VERSION = 1;
				DEVELOPMENT_TEAM = J3J28YJX9L;
				GENERATE_INFOPLIST_FILE = YES;
				INFOPLIST_FILE = Sample/Info.plist;
				INFOPLIST_KEY_CFBundleDisplayName = Sample;
				INFOPLIST_KEY_NSHumanReadableCopyright = "";
				LD_RUNPATH_SEARCH_PATHS = (
					"$(inherited)",
					"@executable_path/Frameworks",
					"@executable_path/../../Frameworks",
				);
				MARKETING_VERSION = 1.0;
				PRODUCT_BUNDLE_IDENTIFIER = "com.onesignal.devrel.ios-sample.OneSignal-iOS-Sample.Sample";
				PRODUCT_NAME = "$(TARGET_NAME)";
				SKIP_INSTALL = YES;
				SWIFT_EMIT_LOC_STRINGS = YES;
				SWIFT_VERSION = 5.0;
				TARGETED_DEVICE_FAMILY = "1,2";
			};
			name = Release;
		};
		673A9B792A1C06FA000243D0 /* Debug */ = {
			isa = XCBuildConfiguration;
			buildSettings = {
				ASSETCATALOG_COMPILER_GLOBAL_ACCENT_COLOR_NAME = AccentColor;
				ASSETCATALOG_COMPILER_WIDGET_BACKGROUND_COLOR_NAME = WidgetBackground;
				CODE_SIGN_STYLE = Automatic;
				CURRENT_PROJECT_VERSION = 1;
				DEVELOPMENT_TEAM = J3J28YJX9L;
				GENERATE_INFOPLIST_FILE = YES;
				INFOPLIST_FILE = SampleWidgetExtension/Info.plist;
				INFOPLIST_KEY_CFBundleDisplayName = SampleWidgetExtension;
				INFOPLIST_KEY_NSHumanReadableCopyright = "";
				LD_RUNPATH_SEARCH_PATHS = (
					"$(inherited)",
					"@executable_path/Frameworks",
					"@executable_path/../../Frameworks",
				);
				MARKETING_VERSION = 1.0;
				PRODUCT_BUNDLE_IDENTIFIER = "com.onesignal.devrel.ios-sample.OneSignal-iOS-Sample.SampleWidgetExtension";
				PRODUCT_NAME = "$(TARGET_NAME)";
				SKIP_INSTALL = YES;
				SWIFT_EMIT_LOC_STRINGS = YES;
				SWIFT_VERSION = 5.0;
				TARGETED_DEVICE_FAMILY = "1,2";
			};
			name = Debug;
		};
		673A9B7A2A1C06FA000243D0 /* Release */ = {
			isa = XCBuildConfiguration;
			buildSettings = {
				ASSETCATALOG_COMPILER_GLOBAL_ACCENT_COLOR_NAME = AccentColor;
				ASSETCATALOG_COMPILER_WIDGET_BACKGROUND_COLOR_NAME = WidgetBackground;
				CODE_SIGN_STYLE = Automatic;
				CURRENT_PROJECT_VERSION = 1;
				DEVELOPMENT_TEAM = J3J28YJX9L;
				GENERATE_INFOPLIST_FILE = YES;
				INFOPLIST_FILE = SampleWidgetExtension/Info.plist;
				INFOPLIST_KEY_CFBundleDisplayName = SampleWidgetExtension;
				INFOPLIST_KEY_NSHumanReadableCopyright = "";
				LD_RUNPATH_SEARCH_PATHS = (
					"$(inherited)",
					"@executable_path/Frameworks",
					"@executable_path/../../Frameworks",
				);
				MARKETING_VERSION = 1.0;
				PRODUCT_BUNDLE_IDENTIFIER = "com.onesignal.devrel.ios-sample.OneSignal-iOS-Sample.SampleWidgetExtension";
				PRODUCT_NAME = "$(TARGET_NAME)";
				SKIP_INSTALL = YES;
				SWIFT_EMIT_LOC_STRINGS = YES;
				SWIFT_VERSION = 5.0;
				TARGETED_DEVICE_FAMILY = "1,2";
			};
			name = Release;
		};
/* End XCBuildConfiguration section */

/* Begin XCConfigurationList section */
		670113B029E9A70700D01DE9 /* Build configuration list for PBXProject "OneSignal iOS Sample" */ = {
			isa = XCConfigurationList;
			buildConfigurations = (
				670113C129E9A70800D01DE9 /* Debug */,
				670113C229E9A70800D01DE9 /* Release */,
			);
			defaultConfigurationIsVisible = 0;
			defaultConfigurationName = Release;
		};
		670113C329E9A70800D01DE9 /* Build configuration list for PBXNativeTarget "OneSignal iOS Sample" */ = {
			isa = XCConfigurationList;
			buildConfigurations = (
				670113C429E9A70800D01DE9 /* Debug */,
				670113C529E9A70800D01DE9 /* Release */,
			);
			defaultConfigurationIsVisible = 0;
			defaultConfigurationName = Release;
		};
		670113D229E9AA8400D01DE9 /* Build configuration list for PBXNativeTarget "OneSignalNotificationServiceExtension" */ = {
			isa = XCConfigurationList;
			buildConfigurations = (
				670113D329E9AA8400D01DE9 /* Debug */,
				670113D429E9AA8400D01DE9 /* Release */,
			);
			defaultConfigurationIsVisible = 0;
			defaultConfigurationName = Release;
		};
		67324E0A29F5F81800886064 /* Build configuration list for PBXNativeTarget "OneSignal iOS Sample WidgetExtension" */ = {
			isa = XCConfigurationList;
			buildConfigurations = (
				67324E0829F5F81800886064 /* Debug */,
				67324E0929F5F81800886064 /* Release */,
			);
			defaultConfigurationIsVisible = 0;
			defaultConfigurationName = Release;
		};
		673A9B5E2A1C06C7000243D0 /* Build configuration list for PBXNativeTarget "SampleExtension" */ = {
			isa = XCConfigurationList;
			buildConfigurations = (
				673A9B5F2A1C06C7000243D0 /* Debug */,
				673A9B602A1C06C7000243D0 /* Release */,
			);
			defaultConfigurationIsVisible = 0;
			defaultConfigurationName = Release;
		};
		673A9B782A1C06FA000243D0 /* Build configuration list for PBXNativeTarget "SampleWidgetExtensionExtension" */ = {
			isa = XCConfigurationList;
			buildConfigurations = (
				673A9B792A1C06FA000243D0 /* Debug */,
				673A9B7A2A1C06FA000243D0 /* Release */,
			);
			defaultConfigurationIsVisible = 0;
			defaultConfigurationName = Release;
		};
/* End XCConfigurationList section */

/* Begin XCRemoteSwiftPackageReference section */
		670113D629E9D6D900D01DE9 /* XCRemoteSwiftPackageReference "OneSignal-XCFramework" */ = {
			isa = XCRemoteSwiftPackageReference;
			repositoryURL = "https://github.com/OneSignal/OneSignal-XCFramework";
			requirement = {
				kind = exactVersion;
				version = "5.0.0-beta-04";
			};
		};
/* End XCRemoteSwiftPackageReference section */

/* Begin XCSwiftPackageProductDependency section */
		670113D729E9D6D900D01DE9 /* OneSignalExtension */ = {
			isa = XCSwiftPackageProductDependency;
			package = 670113D629E9D6D900D01DE9 /* XCRemoteSwiftPackageReference "OneSignal-XCFramework" */;
			productName = OneSignalExtension;
		};
		670113D929E9D6D900D01DE9 /* OneSignalFramework */ = {
			isa = XCSwiftPackageProductDependency;
			package = 670113D629E9D6D900D01DE9 /* XCRemoteSwiftPackageReference "OneSignal-XCFramework" */;
			productName = OneSignalFramework;
		};
/* End XCSwiftPackageProductDependency section */
	};
	rootObject = 670113AD29E9A70700D01DE9 /* Project object */;
}
