{
  "originHash" : "45394cb55843a6f31e3130ecd38b6c67313d1ea9bf657f014e07032bb9cb60f7",
  "pins" : [
    {
      "identity" : "onesignal-ios-sdk",
      "kind" : "remoteSourceControl",
      "location" : "https://github.com/onesignal/onesignal-ios-sdk",
      "state" : {
        "revision" : "a197d9de8992ba2f0b43c75ea52a507e18f95681",
        "version" : "5.2.4"
      }
    }
  ],
  "version" : 3
}
